
Microsoft Visual Studio Solution File, Format Version 12.00
# Visual Studio 15
Project("{FAE04EC0-301F-11D3-BF4B-00C04F79EFBC}") = "Unity.Timeline", "Unity.Timeline.csproj", "{9373D0A6-9446-B087-2DBF-3822EF04AD5E}"
EndProject
Project("{FAE04EC0-301F-11D3-BF4B-00C04F79EFBC}") = "Unity.2D.Aseprite.Editor", "Unity.2D.Aseprite.Editor.csproj", "{84E0D56C-3F42-DBB0-5E3D-659BA1922E07}"
EndProject
Project("{FAE04EC0-301F-11D3-BF4B-00C04F79EFBC}") = "Unity.VisualScripting.Flow", "Unity.VisualScripting.Flow.csproj", "{6231641F-F8A1-6C9C-10BD-A552BF437F6D}"
EndProject
Project("{FAE04EC0-301F-11D3-BF4B-00C04F79EFBC}") = "Unity.Timeline.Editor", "Unity.Timeline.Editor.csproj", "{67672EA4-6091-34AC-74CA-469DC2F3697D}"
EndProject
Project("{FAE04EC0-301F-11D3-BF4B-00C04F79EFBC}") = "Unity.PlasticSCM.Editor", "Unity.PlasticSCM.Editor.csproj", "{2E7389C0-D9FB-E1BC-E563-88D81EB030BF}"
EndProject
Project("{FAE04EC0-301F-11D3-BF4B-00C04F79EFBC}") = "MerryYellow.CodeAssist.Editor", "MerryYellow.CodeAssist.Editor.csproj", "{E24A2437-A7FD-BF3A-8BD7-00FC37011BF5}"
EndProject
Project("{FAE04EC0-301F-11D3-BF4B-00C04F79EFBC}") = "Unity.Mathematics", "Unity.Mathematics.csproj", "{CE800B73-5CD4-4356-6D38-9FE8CAD642A7}"
EndProject
Project("{FAE04EC0-301F-11D3-BF4B-00C04F79EFBC}") = "Unity.2D.Common.Path.Editor", "Unity.2D.Common.Path.Editor.csproj", "{4C88E270-C6DA-F84A-9B09-D3A9DFD6A8AF}"
EndProject
Project("{FAE04EC0-301F-11D3-BF4B-00C04F79EFBC}") = "Unity.2D.Psdimporter.Editor", "Unity.2D.Psdimporter.Editor.csproj", "{CE8D8D45-742B-AA6C-45D3-00F6DEE1844B}"
EndProject
Project("{FAE04EC0-301F-11D3-BF4B-00C04F79EFBC}") = "Unity.2D.IK.Runtime", "Unity.2D.IK.Runtime.csproj", "{E6E0400C-4913-EA5F-1995-847278A71F1B}"
EndProject
Project("{FAE04EC0-301F-11D3-BF4B-00C04F79EFBC}") = "Unity.VisualScripting.Core.Editor", "Unity.VisualScripting.Core.Editor.csproj", "{5387B30C-DBD3-72B5-F165-19266B6614EE}"
EndProject
Project("{FAE04EC0-301F-11D3-BF4B-00C04F79EFBC}") = "UnityEngine.UI", "UnityEngine.UI.csproj", "{766BE4D2-8CC6-F91B-3FBF-F7EB6EDF1D7D}"
EndProject
Project("{FAE04EC0-301F-11D3-BF4B-00C04F79EFBC}") = "UnityEditor.TestRunner", "UnityEditor.TestRunner.csproj", "{2C717252-88F7-5945-5512-9FAA75D976E6}"
EndProject
Project("{FAE04EC0-301F-11D3-BF4B-00C04F79EFBC}") = "UnityEngine.TestRunner", "UnityEngine.TestRunner.csproj", "{5B84DBB5-B893-163A-8012-E95D5DF28656}"
EndProject
Project("{FAE04EC0-301F-11D3-BF4B-00C04F79EFBC}") = "Unity.VisualScripting.Core", "Unity.VisualScripting.Core.csproj", "{0303DC07-3F1A-935C-B3EC-8DA4E96AD3F1}"
EndProject
Project("{FAE04EC0-301F-11D3-BF4B-00C04F79EFBC}") = "Unity.VisualScripting.Flow.Editor", "Unity.VisualScripting.Flow.Editor.csproj", "{A9B1DEBA-D902-5918-68B7-489FE3BC4C70}"
EndProject
Project("{FAE04EC0-301F-11D3-BF4B-00C04F79EFBC}") = "Unity.2D.Tilemap.Editor", "Unity.2D.Tilemap.Editor.csproj", "{E3DF3EE5-3C02-E7B5-2AD7-D9A022D3CFBB}"
EndProject
Project("{FAE04EC0-301F-11D3-BF4B-00C04F79EFBC}") = "Unity.Burst", "Unity.Burst.csproj", "{EF9C45A9-E9C3-38FE-44F8-263978842613}"
EndProject
Project("{FAE04EC0-301F-11D3-BF4B-00C04F79EFBC}") = "PsdPlugin", "PsdPlugin.csproj", "{44FD2C13-9336-61D4-D76E-966E887080E6}"
EndProject
Project("{FAE04EC0-301F-11D3-BF4B-00C04F79EFBC}") = "Unity.Collections", "Unity.Collections.csproj", "{E378D441-63EF-2EB1-CD37-7BEA3C332FB6}"
EndProject
Project("{FAE04EC0-301F-11D3-BF4B-00C04F79EFBC}") = "Unity.2D.Animation.Editor", "Unity.2D.Animation.Editor.csproj", "{CA42C308-15DC-914B-9774-20316671489F}"
EndProject
Project("{FAE04EC0-301F-11D3-BF4B-00C04F79EFBC}") = "Unity.2D.SpriteShape.Editor", "Unity.2D.SpriteShape.Editor.csproj", "{A079E082-7F64-E51A-0759-CFB751418379}"
EndProject
Project("{FAE04EC0-301F-11D3-BF4B-00C04F79EFBC}") = "Unity.VisualStudio.Editor", "Unity.VisualStudio.Editor.csproj", "{A976C534-A5F4-BC1A-A577-2A9E2CCCA064}"
EndProject
Project("{FAE04EC0-301F-11D3-BF4B-00C04F79EFBC}") = "Assembly-CSharp", "Assembly-CSharp.csproj", "{BB6D9FAB-CB21-8EC2-5580-69DC80008461}"
EndProject
Project("{FAE04EC0-301F-11D3-BF4B-00C04F79EFBC}") = "Unity.TextMeshPro.Editor", "Unity.TextMeshPro.Editor.csproj", "{08206B44-C2EC-25CD-85AD-D5A53C229A99}"
EndProject
Project("{FAE04EC0-301F-11D3-BF4B-00C04F79EFBC}") = "Unity.Rider.Editor", "Unity.Rider.Editor.csproj", "{DBA4758F-E7E6-FD6E-4C05-AF03A0223798}"
EndProject
Project("{FAE04EC0-301F-11D3-BF4B-00C04F79EFBC}") = "Unity.InternalAPIEditorBridge.001", "Unity.InternalAPIEditorBridge.001.csproj", "{33447A2C-883F-A0B7-7D01-4D2FDCBA18EB}"
EndProject
Project("{FAE04EC0-301F-11D3-BF4B-00C04F79EFBC}") = "Unity.2D.SpriteShape.Runtime", "Unity.2D.SpriteShape.Runtime.csproj", "{DFA2CB20-044C-1817-7A43-8622A10FE476}"
EndProject
Project("{FAE04EC0-301F-11D3-BF4B-00C04F79EFBC}") = "Unity.VisualScripting.State.Editor", "Unity.VisualScripting.State.Editor.csproj", "{2B01077A-5564-60D6-6DB8-C0E8D16EB171}"
EndProject
Project("{FAE04EC0-301F-11D3-BF4B-00C04F79EFBC}") = "ScriptablePacker", "ScriptablePacker.csproj", "{694B0682-8FE7-5A5E-B224-F8AE0BD84DD5}"
EndProject
Project("{FAE04EC0-301F-11D3-BF4B-00C04F79EFBC}") = "Unity.Burst.CodeGen", "Unity.Burst.CodeGen.csproj", "{3F70C5F2-CE16-B041-8E4A-3089643BD136}"
EndProject
Project("{FAE04EC0-301F-11D3-BF4B-00C04F79EFBC}") = "Unity.VisualScripting.State", "Unity.VisualScripting.State.csproj", "{468236CE-5DF5-9688-159F-C117AC78886D}"
EndProject
Project("{FAE04EC0-301F-11D3-BF4B-00C04F79EFBC}") = "Unity.2D.Tilemap.Extras.Editor", "Unity.2D.Tilemap.Extras.Editor.csproj", "{CC03A6F5-3CDF-5EE8-A2AA-743E1AEB93D2}"
EndProject
Project("{FAE04EC0-301F-11D3-BF4B-00C04F79EFBC}") = "Unity.2D.Animation.Runtime", "Unity.2D.Animation.Runtime.csproj", "{D74B4C36-9B29-4C20-06DB-8818C136DC51}"
EndProject
Project("{FAE04EC0-301F-11D3-BF4B-00C04F79EFBC}") = "UnityEditor.UI", "UnityEditor.UI.csproj", "{CBCC64F0-D3E1-3594-E979-294F3D1076E3}"
EndProject
Project("{FAE04EC0-301F-11D3-BF4B-00C04F79EFBC}") = "Unity.TextMeshPro", "Unity.TextMeshPro.csproj", "{9E6E46EB-822E-2D8C-6664-BE935D712301}"
EndProject
Project("{FAE04EC0-301F-11D3-BF4B-00C04F79EFBC}") = "Unity.VisualScripting.SettingsProvider.Editor", "Unity.VisualScripting.SettingsProvider.Editor.csproj", "{F6617EF1-E0BA-0669-8EA6-4BF9ADB3A7E6}"
EndProject
Project("{FAE04EC0-301F-11D3-BF4B-00C04F79EFBC}") = "Unity.2D.IK.Editor", "Unity.2D.IK.Editor.csproj", "{02CE9222-300F-E218-EC88-6A87DE55849C}"
EndProject
Project("{FAE04EC0-301F-11D3-BF4B-00C04F79EFBC}") = "Unity.InternalAPIEngineBridge.001", "Unity.InternalAPIEngineBridge.001.csproj", "{CBD56895-D3C6-814C-1547-2D9EF50EB16C}"
EndProject
Project("{FAE04EC0-301F-11D3-BF4B-00C04F79EFBC}") = "Unity.Burst.Editor", "Unity.Burst.Editor.csproj", "{9936D69F-D26D-576B-9E22-0FA36501A99C}"
EndProject
Project("{FAE04EC0-301F-11D3-BF4B-00C04F79EFBC}") = "Unity.2D.Aseprite.Common", "Unity.2D.Aseprite.Common.csproj", "{477E22E6-D080-2101-7107-1EBE66D287CD}"
EndProject
Project("{FAE04EC0-301F-11D3-BF4B-00C04F79EFBC}") = "Unity.2D.Common.Editor", "Unity.2D.Common.Editor.csproj", "{16E6C884-2BF6-3512-08F9-31026015A8BD}"
EndProject
Project("{FAE04EC0-301F-11D3-BF4B-00C04F79EFBC}") = "Agate.MVC", "Agate.MVC.csproj", "{1CB80ECD-555C-6633-C226-39C1A818B385}"
EndProject
Project("{FAE04EC0-301F-11D3-BF4B-00C04F79EFBC}") = "Unity.2D.PixelPerfect", "Unity.2D.PixelPerfect.csproj", "{01AFF3E6-3A01-095A-8A34-2FD0C044669D}"
EndProject
Project("{FAE04EC0-301F-11D3-BF4B-00C04F79EFBC}") = "Unity.2D.PixelPerfect.Editor", "Unity.2D.PixelPerfect.Editor.csproj", "{DE7726DB-D467-7950-0E68-CCAC2BC36B87}"
EndProject
Project("{FAE04EC0-301F-11D3-BF4B-00C04F79EFBC}") = "Unity.2D.Common.Runtime", "Unity.2D.Common.Runtime.csproj", "{3B2276E2-AB7B-5769-D111-11674158F8B5}"
EndProject
Project("{FAE04EC0-301F-11D3-BF4B-00C04F79EFBC}") = "Unity.2D.Sprite.Editor", "Unity.2D.Sprite.Editor.csproj", "{F926B1AE-5D3E-AB8F-8A28-7E321793CC62}"
EndProject
Project("{FAE04EC0-301F-11D3-BF4B-00C04F79EFBC}") = "Unity.Mathematics.Editor", "Unity.Mathematics.Editor.csproj", "{5E8ECFD6-62BE-99DB-D241-FF167AC6EAB1}"
EndProject
Project("{FAE04EC0-301F-11D3-BF4B-00C04F79EFBC}") = "Unity.2D.Tilemap.Extras", "Unity.2D.Tilemap.Extras.csproj", "{446BA512-55B9-9E7C-2975-2B965C675D60}"
EndProject
Project("{FAE04EC0-301F-11D3-BF4B-00C04F79EFBC}") = "Unity.VisualScripting.Shared.Editor", "Unity.VisualScripting.Shared.Editor.csproj", "{B187A647-8429-4BB4-10E5-EF68F260FD99}"
EndProject
Project("{FAE04EC0-301F-11D3-BF4B-00C04F79EFBC}") = "Unity.Collections.DocCodeSamples", "Unity.Collections.DocCodeSamples.csproj", "{D03050B4-713E-85AD-7F23-211D6745D045}"
EndProject
Project("{FAE04EC0-301F-11D3-BF4B-00C04F79EFBC}") = "Unity.Collections.BurstCompatibilityGen", "Unity.Collections.BurstCompatibilityGen.csproj", "{0D6F5044-0254-4FAF-DAEA-2CC7868167F5}"
EndProject
Project("{FAE04EC0-301F-11D3-BF4B-00C04F79EFBC}") = "Unity.CollabProxy.Editor", "Unity.CollabProxy.Editor.csproj", "{CBEFD3D5-4416-C7C3-9F34-126DAFBE46FD}"
EndProject
Project("{FAE04EC0-301F-11D3-BF4B-00C04F79EFBC}") = "Unity.Timeline", "Unity.Timeline.Player.csproj", "{684A5BB9-BB06-C098-629F-36B9AC982434}"
EndProject
Project("{FAE04EC0-301F-11D3-BF4B-00C04F79EFBC}") = "Unity.VisualScripting.Flow", "Unity.VisualScripting.Flow.Player.csproj", "{D80296D4-CD75-4EC1-CB04-7894BAB34ACF}"
EndProject
Project("{FAE04EC0-301F-11D3-BF4B-00C04F79EFBC}") = "Unity.Mathematics", "Unity.Mathematics.Player.csproj", "{BF9509A8-7DBF-8E27-7E20-ADA71A4AFDF2}"
EndProject
Project("{FAE04EC0-301F-11D3-BF4B-00C04F79EFBC}") = "Unity.2D.IK.Runtime", "Unity.2D.IK.Runtime.Player.csproj", "{A79694F2-5C1F-62A7-1E57-9FFA4964249C}"
EndProject
Project("{FAE04EC0-301F-11D3-BF4B-00C04F79EFBC}") = "UnityEngine.UI", "UnityEngine.UI.Player.csproj", "{9BC9A8F5-31B3-1832-E9DD-5597FD92D034}"
EndProject
Project("{FAE04EC0-301F-11D3-BF4B-00C04F79EFBC}") = "UnityEngine.TestRunner", "UnityEngine.TestRunner.Player.csproj", "{DC4843AC-300D-878E-3493-169F07E8B125}"
EndProject
Project("{FAE04EC0-301F-11D3-BF4B-00C04F79EFBC}") = "Unity.VisualScripting.Core", "Unity.VisualScripting.Core.Player.csproj", "{2AA515A4-5C76-BDFD-6158-9C0D34EF6759}"
EndProject
Project("{FAE04EC0-301F-11D3-BF4B-00C04F79EFBC}") = "Unity.Burst", "Unity.Burst.Player.csproj", "{F61EF753-FB68-35F0-BB30-1FF6FDB1FB86}"
EndProject
Project("{FAE04EC0-301F-11D3-BF4B-00C04F79EFBC}") = "Unity.Collections", "Unity.Collections.Player.csproj", "{5F3894EA-75C7-D54B-D16A-8D3265A5433E}"
EndProject
Project("{FAE04EC0-301F-11D3-BF4B-00C04F79EFBC}") = "Assembly-CSharp", "Assembly-CSharp.Player.csproj", "{E1AF8802-239F-D458-32C0-FBEFF28941D6}"
EndProject
Project("{FAE04EC0-301F-11D3-BF4B-00C04F79EFBC}") = "Unity.2D.SpriteShape.Runtime", "Unity.2D.SpriteShape.Runtime.Player.csproj", "{C91873C9-61AC-97C9-888B-B1E2D16F6D25}"
EndProject
Project("{FAE04EC0-301F-11D3-BF4B-00C04F79EFBC}") = "Unity.VisualScripting.State", "Unity.VisualScripting.State.Player.csproj", "{6D14574E-42D5-E2C8-8F3C-D0C86017C8FB}"
EndProject
Project("{FAE04EC0-301F-11D3-BF4B-00C04F79EFBC}") = "Unity.2D.Animation.Runtime", "Unity.2D.Animation.Runtime.Player.csproj", "{9431AB92-A752-294D-7B39-2C84391CCEFB}"
EndProject
Project("{FAE04EC0-301F-11D3-BF4B-00C04F79EFBC}") = "Unity.TextMeshPro", "Unity.TextMeshPro.Player.csproj", "{919E6B35-1A2C-27FB-09C0-569A21C43ADA}"
EndProject
Project("{FAE04EC0-301F-11D3-BF4B-00C04F79EFBC}") = "Unity.InternalAPIEngineBridge.001", "Unity.InternalAPIEngineBridge.001.Player.csproj", "{E19CDB71-683A-8849-417C-F77DB0036427}"
EndProject
Project("{FAE04EC0-301F-11D3-BF4B-00C04F79EFBC}") = "Agate.MVC", "Agate.MVC.Player.csproj", "{9C771C3E-9913-359D-A8B5-F4E879B7EADD}"
EndProject
Project("{FAE04EC0-301F-11D3-BF4B-00C04F79EFBC}") = "Unity.2D.PixelPerfect", "Unity.2D.PixelPerfect.Player.csproj", "{6D53E4CE-8789-24B2-99AD-B5DE712329BF}"
EndProject
Project("{FAE04EC0-301F-11D3-BF4B-00C04F79EFBC}") = "Unity.2D.Common.Runtime", "Unity.2D.Common.Runtime.Player.csproj", "{593E5218-EC11-617B-E6B8-99D6C41174D5}"
EndProject
Project("{FAE04EC0-301F-11D3-BF4B-00C04F79EFBC}") = "Unity.2D.Tilemap.Extras", "Unity.2D.Tilemap.Extras.Player.csproj", "{DA744606-6DA0-E346-AF1A-19D40EEFD94B}"
EndProject
Global
	GlobalSection(SolutionConfigurationPlatforms) = preSolution
		Debug|Any CPU = Debug|Any CPU
		Release|Any CPU = Release|Any CPU
	EndGlobalSection
	GlobalSection(ProjectConfigurationPlatforms) = postSolution
		{9373D0A6-9446-B087-2DBF-3822EF04AD5E}.Debug|Any CPU.ActiveCfg = Debug|Any CPU
		{9373D0A6-9446-B087-2DBF-3822EF04AD5E}.Debug|Any CPU.Build.0 = Debug|Any CPU
		{9373D0A6-9446-B087-2DBF-3822EF04AD5E}.Release|Any CPU.ActiveCfg = Release|Any CPU
		{9373D0A6-9446-B087-2DBF-3822EF04AD5E}.Release|Any CPU.Build.0 = Release|Any CPU
		{84E0D56C-3F42-DBB0-5E3D-659BA1922E07}.Debug|Any CPU.ActiveCfg = Debug|Any CPU
		{84E0D56C-3F42-DBB0-5E3D-659BA1922E07}.Debug|Any CPU.Build.0 = Debug|Any CPU
		{84E0D56C-3F42-DBB0-5E3D-659BA1922E07}.Release|Any CPU.ActiveCfg = Release|Any CPU
		{84E0D56C-3F42-DBB0-5E3D-659BA1922E07}.Release|Any CPU.Build.0 = Release|Any CPU
		{6231641F-F8A1-6C9C-10BD-A552BF437F6D}.Debug|Any CPU.ActiveCfg = Debug|Any CPU
		{6231641F-F8A1-6C9C-10BD-A552BF437F6D}.Debug|Any CPU.Build.0 = Debug|Any CPU
		{6231641F-F8A1-6C9C-10BD-A552BF437F6D}.Release|Any CPU.ActiveCfg = Release|Any CPU
		{6231641F-F8A1-6C9C-10BD-A552BF437F6D}.Release|Any CPU.Build.0 = Release|Any CPU
		{67672EA4-6091-34AC-74CA-469DC2F3697D}.Debug|Any CPU.ActiveCfg = Debug|Any CPU
		{67672EA4-6091-34AC-74CA-469DC2F3697D}.Debug|Any CPU.Build.0 = Debug|Any CPU
		{67672EA4-6091-34AC-74CA-469DC2F3697D}.Release|Any CPU.ActiveCfg = Release|Any CPU
		{67672EA4-6091-34AC-74CA-469DC2F3697D}.Release|Any CPU.Build.0 = Release|Any CPU
		{2E7389C0-D9FB-E1BC-E563-88D81EB030BF}.Debug|Any CPU.ActiveCfg = Debug|Any CPU
		{2E7389C0-D9FB-E1BC-E563-88D81EB030BF}.Debug|Any CPU.Build.0 = Debug|Any CPU
		{2E7389C0-D9FB-E1BC-E563-88D81EB030BF}.Release|Any CPU.ActiveCfg = Release|Any CPU
		{2E7389C0-D9FB-E1BC-E563-88D81EB030BF}.Release|Any CPU.Build.0 = Release|Any CPU
		{E24A2437-A7FD-BF3A-8BD7-00FC37011BF5}.Debug|Any CPU.ActiveCfg = Debug|Any CPU
		{E24A2437-A7FD-BF3A-8BD7-00FC37011BF5}.Debug|Any CPU.Build.0 = Debug|Any CPU
		{E24A2437-A7FD-BF3A-8BD7-00FC37011BF5}.Release|Any CPU.ActiveCfg = Release|Any CPU
		{E24A2437-A7FD-BF3A-8BD7-00FC37011BF5}.Release|Any CPU.Build.0 = Release|Any CPU
		{CE800B73-5CD4-4356-6D38-9FE8CAD642A7}.Debug|Any CPU.ActiveCfg = Debug|Any CPU
		{CE800B73-5CD4-4356-6D38-9FE8CAD642A7}.Debug|Any CPU.Build.0 = Debug|Any CPU
		{CE800B73-5CD4-4356-6D38-9FE8CAD642A7}.Release|Any CPU.ActiveCfg = Release|Any CPU
		{CE800B73-5CD4-4356-6D38-9FE8CAD642A7}.Release|Any CPU.Build.0 = Release|Any CPU
		{4C88E270-C6DA-F84A-9B09-D3A9DFD6A8AF}.Debug|Any CPU.ActiveCfg = Debug|Any CPU
		{4C88E270-C6DA-F84A-9B09-D3A9DFD6A8AF}.Debug|Any CPU.Build.0 = Debug|Any CPU
		{4C88E270-C6DA-F84A-9B09-D3A9DFD6A8AF}.Release|Any CPU.ActiveCfg = Release|Any CPU
		{4C88E270-C6DA-F84A-9B09-D3A9DFD6A8AF}.Release|Any CPU.Build.0 = Release|Any CPU
		{CE8D8D45-742B-AA6C-45D3-00F6DEE1844B}.Debug|Any CPU.ActiveCfg = Debug|Any CPU
		{CE8D8D45-742B-AA6C-45D3-00F6DEE1844B}.Debug|Any CPU.Build.0 = Debug|Any CPU
		{CE8D8D45-742B-AA6C-45D3-00F6DEE1844B}.Release|Any CPU.ActiveCfg = Release|Any CPU
		{CE8D8D45-742B-AA6C-45D3-00F6DEE1844B}.Release|Any CPU.Build.0 = Release|Any CPU
		{E6E0400C-4913-EA5F-1995-847278A71F1B}.Debug|Any CPU.ActiveCfg = Debug|Any CPU
		{E6E0400C-4913-EA5F-1995-847278A71F1B}.Debug|Any CPU.Build.0 = Debug|Any CPU
		{E6E0400C-4913-EA5F-1995-847278A71F1B}.Release|Any CPU.ActiveCfg = Release|Any CPU
		{E6E0400C-4913-EA5F-1995-847278A71F1B}.Release|Any CPU.Build.0 = Release|Any CPU
		{5387B30C-DBD3-72B5-F165-19266B6614EE}.Debug|Any CPU.ActiveCfg = Debug|Any CPU
		{5387B30C-DBD3-72B5-F165-19266B6614EE}.Debug|Any CPU.Build.0 = Debug|Any CPU
		{5387B30C-DBD3-72B5-F165-19266B6614EE}.Release|Any CPU.ActiveCfg = Release|Any CPU
		{5387B30C-DBD3-72B5-F165-19266B6614EE}.Release|Any CPU.Build.0 = Release|Any CPU
		{766BE4D2-8CC6-F91B-3FBF-F7EB6EDF1D7D}.Debug|Any CPU.ActiveCfg = Debug|Any CPU
		{766BE4D2-8CC6-F91B-3FBF-F7EB6EDF1D7D}.Debug|Any CPU.Build.0 = Debug|Any CPU
		{766BE4D2-8CC6-F91B-3FBF-F7EB6EDF1D7D}.Release|Any CPU.ActiveCfg = Release|Any CPU
		{766BE4D2-8CC6-F91B-3FBF-F7EB6EDF1D7D}.Release|Any CPU.Build.0 = Release|Any CPU
		{2C717252-88F7-5945-5512-9FAA75D976E6}.Debug|Any CPU.ActiveCfg = Debug|Any CPU
		{2C717252-88F7-5945-5512-9FAA75D976E6}.Debug|Any CPU.Build.0 = Debug|Any CPU
		{2C717252-88F7-5945-5512-9FAA75D976E6}.Release|Any CPU.ActiveCfg = Release|Any CPU
		{2C717252-88F7-5945-5512-9FAA75D976E6}.Release|Any CPU.Build.0 = Release|Any CPU
		{5B84DBB5-B893-163A-8012-E95D5DF28656}.Debug|Any CPU.ActiveCfg = Debug|Any CPU
		{5B84DBB5-B893-163A-8012-E95D5DF28656}.Debug|Any CPU.Build.0 = Debug|Any CPU
		{5B84DBB5-B893-163A-8012-E95D5DF28656}.Release|Any CPU.ActiveCfg = Release|Any CPU
		{5B84DBB5-B893-163A-8012-E95D5DF28656}.Release|Any CPU.Build.0 = Release|Any CPU
		{0303DC07-3F1A-935C-B3EC-8DA4E96AD3F1}.Debug|Any CPU.ActiveCfg = Debug|Any CPU
		{0303DC07-3F1A-935C-B3EC-8DA4E96AD3F1}.Debug|Any CPU.Build.0 = Debug|Any CPU
		{0303DC07-3F1A-935C-B3EC-8DA4E96AD3F1}.Release|Any CPU.ActiveCfg = Release|Any CPU
		{0303DC07-3F1A-935C-B3EC-8DA4E96AD3F1}.Release|Any CPU.Build.0 = Release|Any CPU
		{A9B1DEBA-D902-5918-68B7-489FE3BC4C70}.Debug|Any CPU.ActiveCfg = Debug|Any CPU
		{A9B1DEBA-D902-5918-68B7-489FE3BC4C70}.Debug|Any CPU.Build.0 = Debug|Any CPU
		{A9B1DEBA-D902-5918-68B7-489FE3BC4C70}.Release|Any CPU.ActiveCfg = Release|Any CPU
		{A9B1DEBA-D902-5918-68B7-489FE3BC4C70}.Release|Any CPU.Build.0 = Release|Any CPU
		{E3DF3EE5-3C02-E7B5-2AD7-D9A022D3CFBB}.Debug|Any CPU.ActiveCfg = Debug|Any CPU
		{E3DF3EE5-3C02-E7B5-2AD7-D9A022D3CFBB}.Debug|Any CPU.Build.0 = Debug|Any CPU
		{E3DF3EE5-3C02-E7B5-2AD7-D9A022D3CFBB}.Release|Any CPU.ActiveCfg = Release|Any CPU
		{E3DF3EE5-3C02-E7B5-2AD7-D9A022D3CFBB}.Release|Any CPU.Build.0 = Release|Any CPU
		{EF9C45A9-E9C3-38FE-44F8-263978842613}.Debug|Any CPU.ActiveCfg = Debug|Any CPU
		{EF9C45A9-E9C3-38FE-44F8-263978842613}.Debug|Any CPU.Build.0 = Debug|Any CPU
		{EF9C45A9-E9C3-38FE-44F8-263978842613}.Release|Any CPU.ActiveCfg = Release|Any CPU
		{EF9C45A9-E9C3-38FE-44F8-263978842613}.Release|Any CPU.Build.0 = Release|Any CPU
		{44FD2C13-9336-61D4-D76E-966E887080E6}.Debug|Any CPU.ActiveCfg = Debug|Any CPU
		{44FD2C13-9336-61D4-D76E-966E887080E6}.Debug|Any CPU.Build.0 = Debug|Any CPU
		{44FD2C13-9336-61D4-D76E-966E887080E6}.Release|Any CPU.ActiveCfg = Release|Any CPU
		{44FD2C13-9336-61D4-D76E-966E887080E6}.Release|Any CPU.Build.0 = Release|Any CPU
		{E378D441-63EF-2EB1-CD37-7BEA3C332FB6}.Debug|Any CPU.ActiveCfg = Debug|Any CPU
		{E378D441-63EF-2EB1-CD37-7BEA3C332FB6}.Debug|Any CPU.Build.0 = Debug|Any CPU
		{E378D441-63EF-2EB1-CD37-7BEA3C332FB6}.Release|Any CPU.ActiveCfg = Release|Any CPU
		{E378D441-63EF-2EB1-CD37-7BEA3C332FB6}.Release|Any CPU.Build.0 = Release|Any CPU
		{CA42C308-15DC-914B-9774-20316671489F}.Debug|Any CPU.ActiveCfg = Debug|Any CPU
		{CA42C308-15DC-914B-9774-20316671489F}.Debug|Any CPU.Build.0 = Debug|Any CPU
		{CA42C308-15DC-914B-9774-20316671489F}.Release|Any CPU.ActiveCfg = Release|Any CPU
		{CA42C308-15DC-914B-9774-20316671489F}.Release|Any CPU.Build.0 = Release|Any CPU
		{A079E082-7F64-E51A-0759-CFB751418379}.Debug|Any CPU.ActiveCfg = Debug|Any CPU
		{A079E082-7F64-E51A-0759-CFB751418379}.Debug|Any CPU.Build.0 = Debug|Any CPU
		{A079E082-7F64-E51A-0759-CFB751418379}.Release|Any CPU.ActiveCfg = Release|Any CPU
		{A079E082-7F64-E51A-0759-CFB751418379}.Release|Any CPU.Build.0 = Release|Any CPU
		{A976C534-A5F4-BC1A-A577-2A9E2CCCA064}.Debug|Any CPU.ActiveCfg = Debug|Any CPU
		{A976C534-A5F4-BC1A-A577-2A9E2CCCA064}.Debug|Any CPU.Build.0 = Debug|Any CPU
		{A976C534-A5F4-BC1A-A577-2A9E2CCCA064}.Release|Any CPU.ActiveCfg = Release|Any CPU
		{A976C534-A5F4-BC1A-A577-2A9E2CCCA064}.Release|Any CPU.Build.0 = Release|Any CPU
		{BB6D9FAB-CB21-8EC2-5580-69DC80008461}.Debug|Any CPU.ActiveCfg = Debug|Any CPU
		{BB6D9FAB-CB21-8EC2-5580-69DC80008461}.Debug|Any CPU.Build.0 = Debug|Any CPU
		{BB6D9FAB-CB21-8EC2-5580-69DC80008461}.Release|Any CPU.ActiveCfg = Release|Any CPU
		{BB6D9FAB-CB21-8EC2-5580-69DC80008461}.Release|Any CPU.Build.0 = Release|Any CPU
		{08206B44-C2EC-25CD-85AD-D5A53C229A99}.Debug|Any CPU.ActiveCfg = Debug|Any CPU
		{08206B44-C2EC-25CD-85AD-D5A53C229A99}.Debug|Any CPU.Build.0 = Debug|Any CPU
		{08206B44-C2EC-25CD-85AD-D5A53C229A99}.Release|Any CPU.ActiveCfg = Release|Any CPU
		{08206B44-C2EC-25CD-85AD-D5A53C229A99}.Release|Any CPU.Build.0 = Release|Any CPU
		{DBA4758F-E7E6-FD6E-4C05-AF03A0223798}.Debug|Any CPU.ActiveCfg = Debug|Any CPU
		{DBA4758F-E7E6-FD6E-4C05-AF03A0223798}.Debug|Any CPU.Build.0 = Debug|Any CPU
		{DBA4758F-E7E6-FD6E-4C05-AF03A0223798}.Release|Any CPU.ActiveCfg = Release|Any CPU
		{DBA4758F-E7E6-FD6E-4C05-AF03A0223798}.Release|Any CPU.Build.0 = Release|Any CPU
		{33447A2C-883F-A0B7-7D01-4D2FDCBA18EB}.Debug|Any CPU.ActiveCfg = Debug|Any CPU
		{33447A2C-883F-A0B7-7D01-4D2FDCBA18EB}.Debug|Any CPU.Build.0 = Debug|Any CPU
		{33447A2C-883F-A0B7-7D01-4D2FDCBA18EB}.Release|Any CPU.ActiveCfg = Release|Any CPU
		{33447A2C-883F-A0B7-7D01-4D2FDCBA18EB}.Release|Any CPU.Build.0 = Release|Any CPU
		{DFA2CB20-044C-1817-7A43-8622A10FE476}.Debug|Any CPU.ActiveCfg = Debug|Any CPU
		{DFA2CB20-044C-1817-7A43-8622A10FE476}.Debug|Any CPU.Build.0 = Debug|Any CPU
		{DFA2CB20-044C-1817-7A43-8622A10FE476}.Release|Any CPU.ActiveCfg = Release|Any CPU
		{DFA2CB20-044C-1817-7A43-8622A10FE476}.Release|Any CPU.Build.0 = Release|Any CPU
		{2B01077A-5564-60D6-6DB8-C0E8D16EB171}.Debug|Any CPU.ActiveCfg = Debug|Any CPU
		{2B01077A-5564-60D6-6DB8-C0E8D16EB171}.Debug|Any CPU.Build.0 = Debug|Any CPU
		{2B01077A-5564-60D6-6DB8-C0E8D16EB171}.Release|Any CPU.ActiveCfg = Release|Any CPU
		{2B01077A-5564-60D6-6DB8-C0E8D16EB171}.Release|Any CPU.Build.0 = Release|Any CPU
		{694B0682-8FE7-5A5E-B224-F8AE0BD84DD5}.Debug|Any CPU.ActiveCfg = Debug|Any CPU
		{694B0682-8FE7-5A5E-B224-F8AE0BD84DD5}.Debug|Any CPU.Build.0 = Debug|Any CPU
		{694B0682-8FE7-5A5E-B224-F8AE0BD84DD5}.Release|Any CPU.ActiveCfg = Release|Any CPU
		{694B0682-8FE7-5A5E-B224-F8AE0BD84DD5}.Release|Any CPU.Build.0 = Release|Any CPU
		{3F70C5F2-CE16-B041-8E4A-3089643BD136}.Debug|Any CPU.ActiveCfg = Debug|Any CPU
		{3F70C5F2-CE16-B041-8E4A-3089643BD136}.Debug|Any CPU.Build.0 = Debug|Any CPU
		{3F70C5F2-CE16-B041-8E4A-3089643BD136}.Release|Any CPU.ActiveCfg = Release|Any CPU
		{3F70C5F2-CE16-B041-8E4A-3089643BD136}.Release|Any CPU.Build.0 = Release|Any CPU
		{468236CE-5DF5-9688-159F-C117AC78886D}.Debug|Any CPU.ActiveCfg = Debug|Any CPU
		{468236CE-5DF5-9688-159F-C117AC78886D}.Debug|Any CPU.Build.0 = Debug|Any CPU
		{468236CE-5DF5-9688-159F-C117AC78886D}.Release|Any CPU.ActiveCfg = Release|Any CPU
		{468236CE-5DF5-9688-159F-C117AC78886D}.Release|Any CPU.Build.0 = Release|Any CPU
		{CC03A6F5-3CDF-5EE8-A2AA-743E1AEB93D2}.Debug|Any CPU.ActiveCfg = Debug|Any CPU
		{CC03A6F5-3CDF-5EE8-A2AA-743E1AEB93D2}.Debug|Any CPU.Build.0 = Debug|Any CPU
		{CC03A6F5-3CDF-5EE8-A2AA-743E1AEB93D2}.Release|Any CPU.ActiveCfg = Release|Any CPU
		{CC03A6F5-3CDF-5EE8-A2AA-743E1AEB93D2}.Release|Any CPU.Build.0 = Release|Any CPU
		{D74B4C36-9B29-4C20-06DB-8818C136DC51}.Debug|Any CPU.ActiveCfg = Debug|Any CPU
		{D74B4C36-9B29-4C20-06DB-8818C136DC51}.Debug|Any CPU.Build.0 = Debug|Any CPU
		{D74B4C36-9B29-4C20-06DB-8818C136DC51}.Release|Any CPU.ActiveCfg = Release|Any CPU
		{D74B4C36-9B29-4C20-06DB-8818C136DC51}.Release|Any CPU.Build.0 = Release|Any CPU
		{CBCC64F0-D3E1-3594-E979-294F3D1076E3}.Debug|Any CPU.ActiveCfg = Debug|Any CPU
		{CBCC64F0-D3E1-3594-E979-294F3D1076E3}.Debug|Any CPU.Build.0 = Debug|Any CPU
		{CBCC64F0-D3E1-3594-E979-294F3D1076E3}.Release|Any CPU.ActiveCfg = Release|Any CPU
		{CBCC64F0-D3E1-3594-E979-294F3D1076E3}.Release|Any CPU.Build.0 = Release|Any CPU
		{9E6E46EB-822E-2D8C-6664-BE935D712301}.Debug|Any CPU.ActiveCfg = Debug|Any CPU
		{9E6E46EB-822E-2D8C-6664-BE935D712301}.Debug|Any CPU.Build.0 = Debug|Any CPU
		{9E6E46EB-822E-2D8C-6664-BE935D712301}.Release|Any CPU.ActiveCfg = Release|Any CPU
		{9E6E46EB-822E-2D8C-6664-BE935D712301}.Release|Any CPU.Build.0 = Release|Any CPU
		{F6617EF1-E0BA-0669-8EA6-4BF9ADB3A7E6}.Debug|Any CPU.ActiveCfg = Debug|Any CPU
		{F6617EF1-E0BA-0669-8EA6-4BF9ADB3A7E6}.Debug|Any CPU.Build.0 = Debug|Any CPU
		{F6617EF1-E0BA-0669-8EA6-4BF9ADB3A7E6}.Release|Any CPU.ActiveCfg = Release|Any CPU
		{F6617EF1-E0BA-0669-8EA6-4BF9ADB3A7E6}.Release|Any CPU.Build.0 = Release|Any CPU
		{02CE9222-300F-E218-EC88-6A87DE55849C}.Debug|Any CPU.ActiveCfg = Debug|Any CPU
		{02CE9222-300F-E218-EC88-6A87DE55849C}.Debug|Any CPU.Build.0 = Debug|Any CPU
		{02CE9222-300F-E218-EC88-6A87DE55849C}.Release|Any CPU.ActiveCfg = Release|Any CPU
		{02CE9222-300F-E218-EC88-6A87DE55849C}.Release|Any CPU.Build.0 = Release|Any CPU
		{CBD56895-D3C6-814C-1547-2D9EF50EB16C}.Debug|Any CPU.ActiveCfg = Debug|Any CPU
		{CBD56895-D3C6-814C-1547-2D9EF50EB16C}.Debug|Any CPU.Build.0 = Debug|Any CPU
		{CBD56895-D3C6-814C-1547-2D9EF50EB16C}.Release|Any CPU.ActiveCfg = Release|Any CPU
		{CBD56895-D3C6-814C-1547-2D9EF50EB16C}.Release|Any CPU.Build.0 = Release|Any CPU
		{9936D69F-D26D-576B-9E22-0FA36501A99C}.Debug|Any CPU.ActiveCfg = Debug|Any CPU
		{9936D69F-D26D-576B-9E22-0FA36501A99C}.Debug|Any CPU.Build.0 = Debug|Any CPU
		{9936D69F-D26D-576B-9E22-0FA36501A99C}.Release|Any CPU.ActiveCfg = Release|Any CPU
		{9936D69F-D26D-576B-9E22-0FA36501A99C}.Release|Any CPU.Build.0 = Release|Any CPU
		{477E22E6-D080-2101-7107-1EBE66D287CD}.Debug|Any CPU.ActiveCfg = Debug|Any CPU
		{477E22E6-D080-2101-7107-1EBE66D287CD}.Debug|Any CPU.Build.0 = Debug|Any CPU
		{477E22E6-D080-2101-7107-1EBE66D287CD}.Release|Any CPU.ActiveCfg = Release|Any CPU
		{477E22E6-D080-2101-7107-1EBE66D287CD}.Release|Any CPU.Build.0 = Release|Any CPU
		{16E6C884-2BF6-3512-08F9-31026015A8BD}.Debug|Any CPU.ActiveCfg = Debug|Any CPU
		{16E6C884-2BF6-3512-08F9-31026015A8BD}.Debug|Any CPU.Build.0 = Debug|Any CPU
		{16E6C884-2BF6-3512-08F9-31026015A8BD}.Release|Any CPU.ActiveCfg = Release|Any CPU
		{16E6C884-2BF6-3512-08F9-31026015A8BD}.Release|Any CPU.Build.0 = Release|Any CPU
		{1CB80ECD-555C-6633-C226-39C1A818B385}.Debug|Any CPU.ActiveCfg = Debug|Any CPU
		{1CB80ECD-555C-6633-C226-39C1A818B385}.Debug|Any CPU.Build.0 = Debug|Any CPU
		{1CB80ECD-555C-6633-C226-39C1A818B385}.Release|Any CPU.ActiveCfg = Release|Any CPU
		{1CB80ECD-555C-6633-C226-39C1A818B385}.Release|Any CPU.Build.0 = Release|Any CPU
		{01AFF3E6-3A01-095A-8A34-2FD0C044669D}.Debug|Any CPU.ActiveCfg = Debug|Any CPU
		{01AFF3E6-3A01-095A-8A34-2FD0C044669D}.Debug|Any CPU.Build.0 = Debug|Any CPU
		{01AFF3E6-3A01-095A-8A34-2FD0C044669D}.Release|Any CPU.ActiveCfg = Release|Any CPU
		{01AFF3E6-3A01-095A-8A34-2FD0C044669D}.Release|Any CPU.Build.0 = Release|Any CPU
		{DE7726DB-D467-7950-0E68-CCAC2BC36B87}.Debug|Any CPU.ActiveCfg = Debug|Any CPU
		{DE7726DB-D467-7950-0E68-CCAC2BC36B87}.Debug|Any CPU.Build.0 = Debug|Any CPU
		{DE7726DB-D467-7950-0E68-CCAC2BC36B87}.Release|Any CPU.ActiveCfg = Release|Any CPU
		{DE7726DB-D467-7950-0E68-CCAC2BC36B87}.Release|Any CPU.Build.0 = Release|Any CPU
		{3B2276E2-AB7B-5769-D111-11674158F8B5}.Debug|Any CPU.ActiveCfg = Debug|Any CPU
		{3B2276E2-AB7B-5769-D111-11674158F8B5}.Debug|Any CPU.Build.0 = Debug|Any CPU
		{3B2276E2-AB7B-5769-D111-11674158F8B5}.Release|Any CPU.ActiveCfg = Release|Any CPU
		{3B2276E2-AB7B-5769-D111-11674158F8B5}.Release|Any CPU.Build.0 = Release|Any CPU
		{F926B1AE-5D3E-AB8F-8A28-7E321793CC62}.Debug|Any CPU.ActiveCfg = Debug|Any CPU
		{F926B1AE-5D3E-AB8F-8A28-7E321793CC62}.Debug|Any CPU.Build.0 = Debug|Any CPU
		{F926B1AE-5D3E-AB8F-8A28-7E321793CC62}.Release|Any CPU.ActiveCfg = Release|Any CPU
		{F926B1AE-5D3E-AB8F-8A28-7E321793CC62}.Release|Any CPU.Build.0 = Release|Any CPU
		{5E8ECFD6-62BE-99DB-D241-FF167AC6EAB1}.Debug|Any CPU.ActiveCfg = Debug|Any CPU
		{5E8ECFD6-62BE-99DB-D241-FF167AC6EAB1}.Debug|Any CPU.Build.0 = Debug|Any CPU
		{5E8ECFD6-62BE-99DB-D241-FF167AC6EAB1}.Release|Any CPU.ActiveCfg = Release|Any CPU
		{5E8ECFD6-62BE-99DB-D241-FF167AC6EAB1}.Release|Any CPU.Build.0 = Release|Any CPU
		{446BA512-55B9-9E7C-2975-2B965C675D60}.Debug|Any CPU.ActiveCfg = Debug|Any CPU
		{446BA512-55B9-9E7C-2975-2B965C675D60}.Debug|Any CPU.Build.0 = Debug|Any CPU
		{446BA512-55B9-9E7C-2975-2B965C675D60}.Release|Any CPU.ActiveCfg = Release|Any CPU
		{446BA512-55B9-9E7C-2975-2B965C675D60}.Release|Any CPU.Build.0 = Release|Any CPU
		{B187A647-8429-4BB4-10E5-EF68F260FD99}.Debug|Any CPU.ActiveCfg = Debug|Any CPU
		{B187A647-8429-4BB4-10E5-EF68F260FD99}.Debug|Any CPU.Build.0 = Debug|Any CPU
		{B187A647-8429-4BB4-10E5-EF68F260FD99}.Release|Any CPU.ActiveCfg = Release|Any CPU
		{B187A647-8429-4BB4-10E5-EF68F260FD99}.Release|Any CPU.Build.0 = Release|Any CPU
		{D03050B4-713E-85AD-7F23-211D6745D045}.Debug|Any CPU.ActiveCfg = Debug|Any CPU
		{D03050B4-713E-85AD-7F23-211D6745D045}.Debug|Any CPU.Build.0 = Debug|Any CPU
		{D03050B4-713E-85AD-7F23-211D6745D045}.Release|Any CPU.ActiveCfg = Release|Any CPU
		{D03050B4-713E-85AD-7F23-211D6745D045}.Release|Any CPU.Build.0 = Release|Any CPU
		{0D6F5044-0254-4FAF-DAEA-2CC7868167F5}.Debug|Any CPU.ActiveCfg = Debug|Any CPU
		{0D6F5044-0254-4FAF-DAEA-2CC7868167F5}.Debug|Any CPU.Build.0 = Debug|Any CPU
		{0D6F5044-0254-4FAF-DAEA-2CC7868167F5}.Release|Any CPU.ActiveCfg = Release|Any CPU
		{0D6F5044-0254-4FAF-DAEA-2CC7868167F5}.Release|Any CPU.Build.0 = Release|Any CPU
		{CBEFD3D5-4416-C7C3-9F34-126DAFBE46FD}.Debug|Any CPU.ActiveCfg = Debug|Any CPU
		{CBEFD3D5-4416-C7C3-9F34-126DAFBE46FD}.Debug|Any CPU.Build.0 = Debug|Any CPU
		{CBEFD3D5-4416-C7C3-9F34-126DAFBE46FD}.Release|Any CPU.ActiveCfg = Release|Any CPU
		{CBEFD3D5-4416-C7C3-9F34-126DAFBE46FD}.Release|Any CPU.Build.0 = Release|Any CPU
		{684A5BB9-BB06-C098-629F-36B9AC982434}.Debug|Any CPU.ActiveCfg = Debug|Any CPU
		{684A5BB9-BB06-C098-629F-36B9AC982434}.Debug|Any CPU.Build.0 = Debug|Any CPU
		{684A5BB9-BB06-C098-629F-36B9AC982434}.Release|Any CPU.ActiveCfg = Release|Any CPU
		{684A5BB9-BB06-C098-629F-36B9AC982434}.Release|Any CPU.Build.0 = Release|Any CPU
		{D80296D4-CD75-4EC1-CB04-7894BAB34ACF}.Debug|Any CPU.ActiveCfg = Debug|Any CPU
		{D80296D4-CD75-4EC1-CB04-7894BAB34ACF}.Debug|Any CPU.Build.0 = Debug|Any CPU
		{D80296D4-CD75-4EC1-CB04-7894BAB34ACF}.Release|Any CPU.ActiveCfg = Release|Any CPU
		{D80296D4-CD75-4EC1-CB04-7894BAB34ACF}.Release|Any CPU.Build.0 = Release|Any CPU
		{BF9509A8-7DBF-8E27-7E20-ADA71A4AFDF2}.Debug|Any CPU.ActiveCfg = Debug|Any CPU
		{BF9509A8-7DBF-8E27-7E20-ADA71A4AFDF2}.Debug|Any CPU.Build.0 = Debug|Any CPU
		{BF9509A8-7DBF-8E27-7E20-ADA71A4AFDF2}.Release|Any CPU.ActiveCfg = Release|Any CPU
		{BF9509A8-7DBF-8E27-7E20-ADA71A4AFDF2}.Release|Any CPU.Build.0 = Release|Any CPU
		{A79694F2-5C1F-62A7-1E57-9FFA4964249C}.Debug|Any CPU.ActiveCfg = Debug|Any CPU
		{A79694F2-5C1F-62A7-1E57-9FFA4964249C}.Debug|Any CPU.Build.0 = Debug|Any CPU
		{A79694F2-5C1F-62A7-1E57-9FFA4964249C}.Release|Any CPU.ActiveCfg = Release|Any CPU
		{A79694F2-5C1F-62A7-1E57-9FFA4964249C}.Release|Any CPU.Build.0 = Release|Any CPU
		{9BC9A8F5-31B3-1832-E9DD-5597FD92D034}.Debug|Any CPU.ActiveCfg = Debug|Any CPU
		{9BC9A8F5-31B3-1832-E9DD-5597FD92D034}.Debug|Any CPU.Build.0 = Debug|Any CPU
		{9BC9A8F5-31B3-1832-E9DD-5597FD92D034}.Release|Any CPU.ActiveCfg = Release|Any CPU
		{9BC9A8F5-31B3-1832-E9DD-5597FD92D034}.Release|Any CPU.Build.0 = Release|Any CPU
		{DC4843AC-300D-878E-3493-169F07E8B125}.Debug|Any CPU.ActiveCfg = Debug|Any CPU
		{DC4843AC-300D-878E-3493-169F07E8B125}.Debug|Any CPU.Build.0 = Debug|Any CPU
		{DC4843AC-300D-878E-3493-169F07E8B125}.Release|Any CPU.ActiveCfg = Release|Any CPU
		{DC4843AC-300D-878E-3493-169F07E8B125}.Release|Any CPU.Build.0 = Release|Any CPU
		{2AA515A4-5C76-BDFD-6158-9C0D34EF6759}.Debug|Any CPU.ActiveCfg = Debug|Any CPU
		{2AA515A4-5C76-BDFD-6158-9C0D34EF6759}.Debug|Any CPU.Build.0 = Debug|Any CPU
		{2AA515A4-5C76-BDFD-6158-9C0D34EF6759}.Release|Any CPU.ActiveCfg = Release|Any CPU
		{2AA515A4-5C76-BDFD-6158-9C0D34EF6759}.Release|Any CPU.Build.0 = Release|Any CPU
		{F61EF753-FB68-35F0-BB30-1FF6FDB1FB86}.Debug|Any CPU.ActiveCfg = Debug|Any CPU
		{F61EF753-FB68-35F0-BB30-1FF6FDB1FB86}.Debug|Any CPU.Build.0 = Debug|Any CPU
		{F61EF753-FB68-35F0-BB30-1FF6FDB1FB86}.Release|Any CPU.ActiveCfg = Release|Any CPU
		{F61EF753-FB68-35F0-BB30-1FF6FDB1FB86}.Release|Any CPU.Build.0 = Release|Any CPU
		{5F3894EA-75C7-D54B-D16A-8D3265A5433E}.Debug|Any CPU.ActiveCfg = Debug|Any CPU
		{5F3894EA-75C7-D54B-D16A-8D3265A5433E}.Debug|Any CPU.Build.0 = Debug|Any CPU
		{5F3894EA-75C7-D54B-D16A-8D3265A5433E}.Release|Any CPU.ActiveCfg = Release|Any CPU
		{5F3894EA-75C7-D54B-D16A-8D3265A5433E}.Release|Any CPU.Build.0 = Release|Any CPU
		{E1AF8802-239F-D458-32C0-FBEFF28941D6}.Debug|Any CPU.ActiveCfg = Debug|Any CPU
		{E1AF8802-239F-D458-32C0-FBEFF28941D6}.Debug|Any CPU.Build.0 = Debug|Any CPU
		{E1AF8802-239F-D458-32C0-FBEFF28941D6}.Release|Any CPU.ActiveCfg = Release|Any CPU
		{E1AF8802-239F-D458-32C0-FBEFF28941D6}.Release|Any CPU.Build.0 = Release|Any CPU
		{C91873C9-61AC-97C9-888B-B1E2D16F6D25}.Debug|Any CPU.ActiveCfg = Debug|Any CPU
		{C91873C9-61AC-97C9-888B-B1E2D16F6D25}.Debug|Any CPU.Build.0 = Debug|Any CPU
		{C91873C9-61AC-97C9-888B-B1E2D16F6D25}.Release|Any CPU.ActiveCfg = Release|Any CPU
		{C91873C9-61AC-97C9-888B-B1E2D16F6D25}.Release|Any CPU.Build.0 = Release|Any CPU
		{6D14574E-42D5-E2C8-8F3C-D0C86017C8FB}.Debug|Any CPU.ActiveCfg = Debug|Any CPU
		{6D14574E-42D5-E2C8-8F3C-D0C86017C8FB}.Debug|Any CPU.Build.0 = Debug|Any CPU
		{6D14574E-42D5-E2C8-8F3C-D0C86017C8FB}.Release|Any CPU.ActiveCfg = Release|Any CPU
		{6D14574E-42D5-E2C8-8F3C-D0C86017C8FB}.Release|Any CPU.Build.0 = Release|Any CPU
		{9431AB92-A752-294D-7B39-2C84391CCEFB}.Debug|Any CPU.ActiveCfg = Debug|Any CPU
		{9431AB92-A752-294D-7B39-2C84391CCEFB}.Debug|Any CPU.Build.0 = Debug|Any CPU
		{9431AB92-A752-294D-7B39-2C84391CCEFB}.Release|Any CPU.ActiveCfg = Release|Any CPU
		{9431AB92-A752-294D-7B39-2C84391CCEFB}.Release|Any CPU.Build.0 = Release|Any CPU
		{919E6B35-1A2C-27FB-09C0-569A21C43ADA}.Debug|Any CPU.ActiveCfg = Debug|Any CPU
		{919E6B35-1A2C-27FB-09C0-569A21C43ADA}.Debug|Any CPU.Build.0 = Debug|Any CPU
		{919E6B35-1A2C-27FB-09C0-569A21C43ADA}.Release|Any CPU.ActiveCfg = Release|Any CPU
		{919E6B35-1A2C-27FB-09C0-569A21C43ADA}.Release|Any CPU.Build.0 = Release|Any CPU
		{E19CDB71-683A-8849-417C-F77DB0036427}.Debug|Any CPU.ActiveCfg = Debug|Any CPU
		{E19CDB71-683A-8849-417C-F77DB0036427}.Debug|Any CPU.Build.0 = Debug|Any CPU
		{E19CDB71-683A-8849-417C-F77DB0036427}.Release|Any CPU.ActiveCfg = Release|Any CPU
		{E19CDB71-683A-8849-417C-F77DB0036427}.Release|Any CPU.Build.0 = Release|Any CPU
		{9C771C3E-9913-359D-A8B5-F4E879B7EADD}.Debug|Any CPU.ActiveCfg = Debug|Any CPU
		{9C771C3E-9913-359D-A8B5-F4E879B7EADD}.Debug|Any CPU.Build.0 = Debug|Any CPU
		{9C771C3E-9913-359D-A8B5-F4E879B7EADD}.Release|Any CPU.ActiveCfg = Release|Any CPU
		{9C771C3E-9913-359D-A8B5-F4E879B7EADD}.Release|Any CPU.Build.0 = Release|Any CPU
		{6D53E4CE-8789-24B2-99AD-B5DE712329BF}.Debug|Any CPU.ActiveCfg = Debug|Any CPU
		{6D53E4CE-8789-24B2-99AD-B5DE712329BF}.Debug|Any CPU.Build.0 = Debug|Any CPU
		{6D53E4CE-8789-24B2-99AD-B5DE712329BF}.Release|Any CPU.ActiveCfg = Release|Any CPU
		{6D53E4CE-8789-24B2-99AD-B5DE712329BF}.Release|Any CPU.Build.0 = Release|Any CPU
		{593E5218-EC11-617B-E6B8-99D6C41174D5}.Debug|Any CPU.ActiveCfg = Debug|Any CPU
		{593E5218-EC11-617B-E6B8-99D6C41174D5}.Debug|Any CPU.Build.0 = Debug|Any CPU
		{593E5218-EC11-617B-E6B8-99D6C41174D5}.Release|Any CPU.ActiveCfg = Release|Any CPU
		{593E5218-EC11-617B-E6B8-99D6C41174D5}.Release|Any CPU.Build.0 = Release|Any CPU
		{DA744606-6DA0-E346-AF1A-19D40EEFD94B}.Debug|Any CPU.ActiveCfg = Debug|Any CPU
		{DA744606-6DA0-E346-AF1A-19D40EEFD94B}.Debug|Any CPU.Build.0 = Debug|Any CPU
		{DA744606-6DA0-E346-AF1A-19D40EEFD94B}.Release|Any CPU.ActiveCfg = Release|Any CPU
		{DA744606-6DA0-E346-AF1A-19D40EEFD94B}.Release|Any CPU.Build.0 = Release|Any CPU
	EndGlobalSection
	GlobalSection(SolutionProperties) = preSolution
		HideSolutionNode = FALSE
	EndGlobalSection
EndGlobal
