
Microsoft Visual Studio Solution File, Format Version 12.00
# Visual Studio 15
Project("{FAE04EC0-301F-11D3-BF4B-00C04F79EFBC}") = "Unity.Timeline", "Unity.Timeline.csproj", "{C635368C-D949-61ED-39BD-A4AEF3A71968}"
EndProject
Project("{FAE04EC0-301F-11D3-BF4B-00C04F79EFBC}") = "Unity.2D.Aseprite.Editor", "Unity.2D.Aseprite.Editor.csproj", "{87740350-12CD-33BB-78A8-D40DA57A0AE8}"
EndProject
Project("{FAE04EC0-301F-11D3-BF4B-00C04F79EFBC}") = "Unity.VisualScripting.Flow", "Unity.VisualScripting.Flow.csproj", "{40CB4B2F-1E22-A3F5-AF89-6F3B49184CC0}"
EndProject
Project("{FAE04EC0-301F-11D3-BF4B-00C04F79EFBC}") = "Unity.Timeline.Editor", "Unity.Timeline.Editor.csproj", "{E5839318-A168-045B-9A77-4AF5EA166F66}"
EndProject
Project("{FAE04EC0-301F-11D3-BF4B-00C04F79EFBC}") = "Unity.PlasticSCM.Editor", "Unity.PlasticSCM.Editor.csproj", "{0BF3F8D8-8B2D-9624-0ED3-380D37A4BD3F}"
EndProject
Project("{FAE04EC0-301F-11D3-BF4B-00C04F79EFBC}") = "Unity.Mathematics", "Unity.Mathematics.csproj", "{27CBA65C-93FC-8F44-90A8-AA44F39D5AE2}"
EndProject
Project("{FAE04EC0-301F-11D3-BF4B-00C04F79EFBC}") = "Unity.2D.Common.Path.Editor", "Unity.2D.Common.Path.Editor.csproj", "{E376A5DA-D19A-60E7-5F1A-5DB8E146F02D}"
EndProject
Project("{FAE04EC0-301F-11D3-BF4B-00C04F79EFBC}") = "Unity.2D.Psdimporter.Editor", "Unity.2D.Psdimporter.Editor.csproj", "{237BDFB4-4557-DE3E-691C-2AC196C7FC35}"
EndProject
Project("{FAE04EC0-301F-11D3-BF4B-00C04F79EFBC}") = "Unity.2D.IK.Runtime", "Unity.2D.IK.Runtime.csproj", "{A52E4C93-5B9C-F0BE-DF23-6B82ABF29404}"
EndProject
Project("{FAE04EC0-301F-11D3-BF4B-00C04F79EFBC}") = "Unity.VisualScripting.Core.Editor", "Unity.VisualScripting.Core.Editor.csproj", "{2D520EA8-5CFA-E23A-7DAA-8567D0D69365}"
EndProject
Project("{FAE04EC0-301F-11D3-BF4B-00C04F79EFBC}") = "UnityEngine.UI", "UnityEngine.UI.csproj", "{4CB4F1E5-8716-6BC9-7430-F13B01014916}"
EndProject
Project("{FAE04EC0-301F-11D3-BF4B-00C04F79EFBC}") = "UnityEditor.TestRunner", "UnityEditor.TestRunner.csproj", "{DDCC115A-EA71-1381-C206-0CF446CDF25D}"
EndProject
Project("{FAE04EC0-301F-11D3-BF4B-00C04F79EFBC}") = "UnityEngine.TestRunner", "UnityEngine.TestRunner.csproj", "{997D6AF5-6A35-869D-4CAF-B150707C4BE0}"
EndProject
Project("{FAE04EC0-301F-11D3-BF4B-00C04F79EFBC}") = "Unity.VisualScripting.Core", "Unity.VisualScripting.Core.csproj", "{BD9932E4-2880-7BE9-324F-79B513811CE6}"
EndProject
Project("{FAE04EC0-301F-11D3-BF4B-00C04F79EFBC}") = "Unity.VisualScripting.Flow.Editor", "Unity.VisualScripting.Flow.Editor.csproj", "{FFCA320B-FAC3-6503-5DE0-2992158DA892}"
EndProject
Project("{FAE04EC0-301F-11D3-BF4B-00C04F79EFBC}") = "Unity.2D.Tilemap.Editor", "Unity.2D.Tilemap.Editor.csproj", "{6733303F-BB9A-6D63-8C62-6955B4F5226D}"
EndProject
Project("{FAE04EC0-301F-11D3-BF4B-00C04F79EFBC}") = "Unity.Burst", "Unity.Burst.csproj", "{4EC3717C-2302-A09A-94BA-D1D3FCE7B2B6}"
EndProject
Project("{FAE04EC0-301F-11D3-BF4B-00C04F79EFBC}") = "PsdPlugin", "PsdPlugin.csproj", "{BA4BA806-89CB-5AB0-6359-74FFB6D77850}"
EndProject
Project("{FAE04EC0-301F-11D3-BF4B-00C04F79EFBC}") = "Unity.Collections", "Unity.Collections.csproj", "{BE2A99D9-D4AE-396C-94D3-FB942BA739CD}"
EndProject
Project("{FAE04EC0-301F-11D3-BF4B-00C04F79EFBC}") = "Unity.2D.Animation.Editor", "Unity.2D.Animation.Editor.csproj", "{F1BEA871-A9AD-2E7D-C75F-2866E5E1CBA7}"
EndProject
Project("{FAE04EC0-301F-11D3-BF4B-00C04F79EFBC}") = "Unity.2D.SpriteShape.Editor", "Unity.2D.SpriteShape.Editor.csproj", "{709E1D4D-F787-51DE-E31A-D3E3CD53C434}"
EndProject
Project("{FAE04EC0-301F-11D3-BF4B-00C04F79EFBC}") = "Unity.VisualStudio.Editor", "Unity.VisualStudio.Editor.csproj", "{EDFB0469-7B0E-ED72-03C1-BBE5A8AE2061}"
EndProject
Project("{FAE04EC0-301F-11D3-BF4B-00C04F79EFBC}") = "Assembly-CSharp", "Assembly-CSharp.csproj", "{D39F777F-6F9C-EA74-2D53-D8730947055C}"
EndProject
Project("{FAE04EC0-301F-11D3-BF4B-00C04F79EFBC}") = "Unity.TextMeshPro.Editor", "Unity.TextMeshPro.Editor.csproj", "{489CB52E-B568-4CE5-CC3B-19338A6BE10D}"
EndProject
Project("{FAE04EC0-301F-11D3-BF4B-00C04F79EFBC}") = "Unity.Rider.Editor", "Unity.Rider.Editor.csproj", "{D88F8D0A-37E9-51BA-AD1C-C69A5985DD5D}"
EndProject
Project("{FAE04EC0-301F-11D3-BF4B-00C04F79EFBC}") = "Unity.InternalAPIEditorBridge.001", "Unity.InternalAPIEditorBridge.001.csproj", "{ED433FA9-5BD8-5317-53F8-C21571FD16AB}"
EndProject
Project("{FAE04EC0-301F-11D3-BF4B-00C04F79EFBC}") = "Unity.2D.SpriteShape.Runtime", "Unity.2D.SpriteShape.Runtime.csproj", "{F859587E-2A81-A22B-DA48-657AA3D10924}"
EndProject
Project("{FAE04EC0-301F-11D3-BF4B-00C04F79EFBC}") = "Meryel.CodeAssist.Editor", "Meryel.CodeAssist.Editor.csproj", "{5C9E8835-1A88-E957-7912-9EEDC661EF80}"
EndProject
Project("{FAE04EC0-301F-11D3-BF4B-00C04F79EFBC}") = "Unity.VisualScripting.State.Editor", "Unity.VisualScripting.State.Editor.csproj", "{62EA2742-F18E-CF82-96DB-0F9A13833BB1}"
EndProject
Project("{FAE04EC0-301F-11D3-BF4B-00C04F79EFBC}") = "ScriptablePacker", "ScriptablePacker.csproj", "{F6D8CD33-4D2D-A5DC-9954-200D7A277337}"
EndProject
Project("{FAE04EC0-301F-11D3-BF4B-00C04F79EFBC}") = "Unity.Burst.CodeGen", "Unity.Burst.CodeGen.csproj", "{F81CD458-829A-EA60-A923-833B666D52F6}"
EndProject
Project("{FAE04EC0-301F-11D3-BF4B-00C04F79EFBC}") = "Unity.VisualScripting.State", "Unity.VisualScripting.State.csproj", "{E84C3548-A4DA-E2A4-00CC-7AA24437026E}"
EndProject
Project("{FAE04EC0-301F-11D3-BF4B-00C04F79EFBC}") = "Unity.2D.Tilemap.Extras.Editor", "Unity.2D.Tilemap.Extras.Editor.csproj", "{13A51514-7C59-3711-4CA6-E647F750B2FB}"
EndProject
Project("{FAE04EC0-301F-11D3-BF4B-00C04F79EFBC}") = "Unity.2D.Animation.Runtime", "Unity.2D.Animation.Runtime.csproj", "{737F4116-76D7-6278-5E0C-04766AFA3159}"
EndProject
Project("{FAE04EC0-301F-11D3-BF4B-00C04F79EFBC}") = "UnityEditor.UI", "UnityEditor.UI.csproj", "{C0199F6C-96DE-F6F0-D4C9-C6E5CBEDDA53}"
EndProject
Project("{FAE04EC0-301F-11D3-BF4B-00C04F79EFBC}") = "Unity.TextMeshPro", "Unity.TextMeshPro.csproj", "{EDD1A230-C73B-76B2-A7C1-E5FCD2B36339}"
EndProject
Project("{FAE04EC0-301F-11D3-BF4B-00C04F79EFBC}") = "Unity.VisualScripting.SettingsProvider.Editor", "Unity.VisualScripting.SettingsProvider.Editor.csproj", "{A1A046E0-A26B-042F-5389-DA3C77326815}"
EndProject
Project("{FAE04EC0-301F-11D3-BF4B-00C04F79EFBC}") = "Unity.2D.IK.Editor", "Unity.2D.IK.Editor.csproj", "{D9D0ACCF-DC2B-51D5-2095-3A5CE760842A}"
EndProject
Project("{FAE04EC0-301F-11D3-BF4B-00C04F79EFBC}") = "Unity.InternalAPIEngineBridge.001", "Unity.InternalAPIEngineBridge.001.csproj", "{32D12117-D054-A19F-9ED7-98BE4424A921}"
EndProject
Project("{FAE04EC0-301F-11D3-BF4B-00C04F79EFBC}") = "Unity.Burst.Editor", "Unity.Burst.Editor.csproj", "{5B6BAB48-B30E-81F6-1046-77312F998761}"
EndProject
Project("{FAE04EC0-301F-11D3-BF4B-00C04F79EFBC}") = "Unity.2D.Aseprite.Common", "Unity.2D.Aseprite.Common.csproj", "{B8FB0CE1-92D8-4AEC-8038-27FA0807C64D}"
EndProject
Project("{FAE04EC0-301F-11D3-BF4B-00C04F79EFBC}") = "Unity.2D.Common.Editor", "Unity.2D.Common.Editor.csproj", "{CE06014A-8250-C88E-BBEB-556FD9ACD53B}"
EndProject
Project("{FAE04EC0-301F-11D3-BF4B-00C04F79EFBC}") = "Agate.MVC", "Agate.MVC.csproj", "{EECD9EFD-27D7-3CAE-CC74-2D909B9B0E8F}"
EndProject
Project("{FAE04EC0-301F-11D3-BF4B-00C04F79EFBC}") = "Unity.2D.PixelPerfect", "Unity.2D.PixelPerfect.csproj", "{873E8E09-6A9E-455D-3DA0-3545A06BB0BA}"
EndProject
Project("{FAE04EC0-301F-11D3-BF4B-00C04F79EFBC}") = "Unity.2D.PixelPerfect.Editor", "Unity.2D.PixelPerfect.Editor.csproj", "{E139AA6E-F247-2DBC-BB67-EBE5EB804D03}"
EndProject
Project("{FAE04EC0-301F-11D3-BF4B-00C04F79EFBC}") = "Unity.2D.Common.Runtime", "Unity.2D.Common.Runtime.csproj", "{7B95DF55-DDA1-6F02-A6D5-07617DB10C11}"
EndProject
Project("{FAE04EC0-301F-11D3-BF4B-00C04F79EFBC}") = "Unity.2D.Sprite.Editor", "Unity.2D.Sprite.Editor.csproj", "{948D348F-9519-C30F-DF51-1ACB4BCA4970}"
EndProject
Project("{FAE04EC0-301F-11D3-BF4B-00C04F79EFBC}") = "Unity.Mathematics.Editor", "Unity.Mathematics.Editor.csproj", "{F7FBA965-A048-43AD-55DA-6D6027D6B599}"
EndProject
Project("{FAE04EC0-301F-11D3-BF4B-00C04F79EFBC}") = "Unity.2D.Tilemap.Extras", "Unity.2D.Tilemap.Extras.csproj", "{07A8C45E-F494-568D-9304-D38BFC1EE3A8}"
EndProject
Project("{FAE04EC0-301F-11D3-BF4B-00C04F79EFBC}") = "Unity.VisualScripting.Shared.Editor", "Unity.VisualScripting.Shared.Editor.csproj", "{A0138130-03E9-9D29-A1B2-CD453D66045F}"
EndProject
Project("{FAE04EC0-301F-11D3-BF4B-00C04F79EFBC}") = "Unity.Collections.DocCodeSamples", "Unity.Collections.DocCodeSamples.csproj", "{8F430B07-A69C-F3A5-A0F3-13F27D9196A9}"
EndProject
Project("{FAE04EC0-301F-11D3-BF4B-00C04F79EFBC}") = "Unity.Collections.BurstCompatibilityGen", "Unity.Collections.BurstCompatibilityGen.csproj", "{7F51B7D7-E975-A4C5-5CBD-F0C7BCD63A74}"
EndProject
Project("{FAE04EC0-301F-11D3-BF4B-00C04F79EFBC}") = "Unity.CollabProxy.Editor", "Unity.CollabProxy.Editor.csproj", "{3190AD14-1A86-58CF-462F-C6B1B8BA9D18}"
EndProject
Project("{FAE04EC0-301F-11D3-BF4B-00C04F79EFBC}") = "Unity.Timeline", "Unity.Timeline.Player.csproj", "{0D207FED-B20B-5531-5984-94B7986064A4}"
EndProject
Project("{FAE04EC0-301F-11D3-BF4B-00C04F79EFBC}") = "Unity.VisualScripting.Flow", "Unity.VisualScripting.Flow.Player.csproj", "{F34585FF-B6CA-A02C-AEC5-81AD0FCE6DF5}"
EndProject
Project("{FAE04EC0-301F-11D3-BF4B-00C04F79EFBC}") = "Unity.Mathematics", "Unity.Mathematics.Player.csproj", "{14D334F2-39F2-BD3B-3374-7BD1DF392952}"
EndProject
Project("{FAE04EC0-301F-11D3-BF4B-00C04F79EFBC}") = "Unity.2D.IK.Runtime", "Unity.2D.IK.Runtime.Player.csproj", "{9088384E-9C7A-2440-46C3-9FFA9581F5E5}"
EndProject
Project("{FAE04EC0-301F-11D3-BF4B-00C04F79EFBC}") = "UnityEngine.UI", "UnityEngine.UI.Player.csproj", "{49799677-29FD-CB9A-08A9-41B320392216}"
EndProject
Project("{FAE04EC0-301F-11D3-BF4B-00C04F79EFBC}") = "UnityEngine.TestRunner", "UnityEngine.TestRunner.Player.csproj", "{B58EF906-723B-6091-B73A-F63B33057273}"
EndProject
Project("{FAE04EC0-301F-11D3-BF4B-00C04F79EFBC}") = "Unity.VisualScripting.Core", "Unity.VisualScripting.Core.Player.csproj", "{90F14324-7F6C-C2B6-6375-79F2131FEEEE}"
EndProject
Project("{FAE04EC0-301F-11D3-BF4B-00C04F79EFBC}") = "Unity.Burst", "Unity.Burst.Player.csproj", "{B761D70A-7FF7-3027-1A5C-F9D926A374F5}"
EndProject
Project("{FAE04EC0-301F-11D3-BF4B-00C04F79EFBC}") = "Unity.Collections", "Unity.Collections.Player.csproj", "{828460B5-C3E2-A3F0-AD1D-84C3B0FDAA31}"
EndProject
Project("{FAE04EC0-301F-11D3-BF4B-00C04F79EFBC}") = "Assembly-CSharp", "Assembly-CSharp.Player.csproj", "{3E0F9E29-0CC0-173F-FF3B-F03CE998EF20}"
EndProject
Project("{FAE04EC0-301F-11D3-BF4B-00C04F79EFBC}") = "Unity.2D.SpriteShape.Runtime", "Unity.2D.SpriteShape.Runtime.Player.csproj", "{4B9C1F21-54C5-1C86-5292-FE8316B95F38}"
EndProject
Project("{FAE04EC0-301F-11D3-BF4B-00C04F79EFBC}") = "Unity.VisualScripting.State", "Unity.VisualScripting.State.Player.csproj", "{C5E78220-C9AA-90A0-1ACA-F60F560CD55B}"
EndProject
Project("{FAE04EC0-301F-11D3-BF4B-00C04F79EFBC}") = "Unity.2D.Animation.Runtime", "Unity.2D.Animation.Runtime.Player.csproj", "{78352CDD-06C8-8031-534D-3096C70F2054}"
EndProject
Project("{FAE04EC0-301F-11D3-BF4B-00C04F79EFBC}") = "Unity.TextMeshPro", "Unity.TextMeshPro.Player.csproj", "{FDB91903-3DC9-7462-87F7-305926673AE6}"
EndProject
Project("{FAE04EC0-301F-11D3-BF4B-00C04F79EFBC}") = "Unity.InternalAPIEngineBridge.001", "Unity.InternalAPIEngineBridge.001.Player.csproj", "{BF73D505-A355-A2A0-57DA-0B078E19F65F}"
EndProject
Project("{FAE04EC0-301F-11D3-BF4B-00C04F79EFBC}") = "Agate.MVC", "Agate.MVC.Player.csproj", "{A2A78B6B-CA6E-E2EE-E955-74E7E5E8E40C}"
EndProject
Project("{FAE04EC0-301F-11D3-BF4B-00C04F79EFBC}") = "Unity.2D.PixelPerfect", "Unity.2D.PixelPerfect.Player.csproj", "{F5FD2E90-F3B1-BB37-539E-8C0A5B5B325F}"
EndProject
Project("{FAE04EC0-301F-11D3-BF4B-00C04F79EFBC}") = "Unity.2D.Common.Runtime", "Unity.2D.Common.Runtime.Player.csproj", "{6D137243-F472-C16E-AB4D-5DBC09EA2917}"
EndProject
Project("{FAE04EC0-301F-11D3-BF4B-00C04F79EFBC}") = "Unity.2D.Tilemap.Extras", "Unity.2D.Tilemap.Extras.Player.csproj", "{BC593202-04A3-1983-C15D-A9D24C720ADE}"
EndProject
Global
	GlobalSection(SolutionConfigurationPlatforms) = preSolution
		Debug|Any CPU = Debug|Any CPU
		Release|Any CPU = Release|Any CPU
	EndGlobalSection
	GlobalSection(ProjectConfigurationPlatforms) = postSolution
		{C635368C-D949-61ED-39BD-A4AEF3A71968}.Debug|Any CPU.ActiveCfg = Debug|Any CPU
		{C635368C-D949-61ED-39BD-A4AEF3A71968}.Debug|Any CPU.Build.0 = Debug|Any CPU
		{C635368C-D949-61ED-39BD-A4AEF3A71968}.Release|Any CPU.ActiveCfg = Release|Any CPU
		{C635368C-D949-61ED-39BD-A4AEF3A71968}.Release|Any CPU.Build.0 = Release|Any CPU
		{87740350-12CD-33BB-78A8-D40DA57A0AE8}.Debug|Any CPU.ActiveCfg = Debug|Any CPU
		{87740350-12CD-33BB-78A8-D40DA57A0AE8}.Debug|Any CPU.Build.0 = Debug|Any CPU
		{87740350-12CD-33BB-78A8-D40DA57A0AE8}.Release|Any CPU.ActiveCfg = Release|Any CPU
		{87740350-12CD-33BB-78A8-D40DA57A0AE8}.Release|Any CPU.Build.0 = Release|Any CPU
		{40CB4B2F-1E22-A3F5-AF89-6F3B49184CC0}.Debug|Any CPU.ActiveCfg = Debug|Any CPU
		{40CB4B2F-1E22-A3F5-AF89-6F3B49184CC0}.Debug|Any CPU.Build.0 = Debug|Any CPU
		{40CB4B2F-1E22-A3F5-AF89-6F3B49184CC0}.Release|Any CPU.ActiveCfg = Release|Any CPU
		{40CB4B2F-1E22-A3F5-AF89-6F3B49184CC0}.Release|Any CPU.Build.0 = Release|Any CPU
		{E5839318-A168-045B-9A77-4AF5EA166F66}.Debug|Any CPU.ActiveCfg = Debug|Any CPU
		{E5839318-A168-045B-9A77-4AF5EA166F66}.Debug|Any CPU.Build.0 = Debug|Any CPU
		{E5839318-A168-045B-9A77-4AF5EA166F66}.Release|Any CPU.ActiveCfg = Release|Any CPU
		{E5839318-A168-045B-9A77-4AF5EA166F66}.Release|Any CPU.Build.0 = Release|Any CPU
		{0BF3F8D8-8B2D-9624-0ED3-380D37A4BD3F}.Debug|Any CPU.ActiveCfg = Debug|Any CPU
		{0BF3F8D8-8B2D-9624-0ED3-380D37A4BD3F}.Debug|Any CPU.Build.0 = Debug|Any CPU
		{0BF3F8D8-8B2D-9624-0ED3-380D37A4BD3F}.Release|Any CPU.ActiveCfg = Release|Any CPU
		{0BF3F8D8-8B2D-9624-0ED3-380D37A4BD3F}.Release|Any CPU.Build.0 = Release|Any CPU
		{27CBA65C-93FC-8F44-90A8-AA44F39D5AE2}.Debug|Any CPU.ActiveCfg = Debug|Any CPU
		{27CBA65C-93FC-8F44-90A8-AA44F39D5AE2}.Debug|Any CPU.Build.0 = Debug|Any CPU
		{27CBA65C-93FC-8F44-90A8-AA44F39D5AE2}.Release|Any CPU.ActiveCfg = Release|Any CPU
		{27CBA65C-93FC-8F44-90A8-AA44F39D5AE2}.Release|Any CPU.Build.0 = Release|Any CPU
		{E376A5DA-D19A-60E7-5F1A-5DB8E146F02D}.Debug|Any CPU.ActiveCfg = Debug|Any CPU
		{E376A5DA-D19A-60E7-5F1A-5DB8E146F02D}.Debug|Any CPU.Build.0 = Debug|Any CPU
		{E376A5DA-D19A-60E7-5F1A-5DB8E146F02D}.Release|Any CPU.ActiveCfg = Release|Any CPU
		{E376A5DA-D19A-60E7-5F1A-5DB8E146F02D}.Release|Any CPU.Build.0 = Release|Any CPU
		{237BDFB4-4557-DE3E-691C-2AC196C7FC35}.Debug|Any CPU.ActiveCfg = Debug|Any CPU
		{237BDFB4-4557-DE3E-691C-2AC196C7FC35}.Debug|Any CPU.Build.0 = Debug|Any CPU
		{237BDFB4-4557-DE3E-691C-2AC196C7FC35}.Release|Any CPU.ActiveCfg = Release|Any CPU
		{237BDFB4-4557-DE3E-691C-2AC196C7FC35}.Release|Any CPU.Build.0 = Release|Any CPU
		{A52E4C93-5B9C-F0BE-DF23-6B82ABF29404}.Debug|Any CPU.ActiveCfg = Debug|Any CPU
		{A52E4C93-5B9C-F0BE-DF23-6B82ABF29404}.Debug|Any CPU.Build.0 = Debug|Any CPU
		{A52E4C93-5B9C-F0BE-DF23-6B82ABF29404}.Release|Any CPU.ActiveCfg = Release|Any CPU
		{A52E4C93-5B9C-F0BE-DF23-6B82ABF29404}.Release|Any CPU.Build.0 = Release|Any CPU
		{2D520EA8-5CFA-E23A-7DAA-8567D0D69365}.Debug|Any CPU.ActiveCfg = Debug|Any CPU
		{2D520EA8-5CFA-E23A-7DAA-8567D0D69365}.Debug|Any CPU.Build.0 = Debug|Any CPU
		{2D520EA8-5CFA-E23A-7DAA-8567D0D69365}.Release|Any CPU.ActiveCfg = Release|Any CPU
		{2D520EA8-5CFA-E23A-7DAA-8567D0D69365}.Release|Any CPU.Build.0 = Release|Any CPU
		{4CB4F1E5-8716-6BC9-7430-F13B01014916}.Debug|Any CPU.ActiveCfg = Debug|Any CPU
		{4CB4F1E5-8716-6BC9-7430-F13B01014916}.Debug|Any CPU.Build.0 = Debug|Any CPU
		{4CB4F1E5-8716-6BC9-7430-F13B01014916}.Release|Any CPU.ActiveCfg = Release|Any CPU
		{4CB4F1E5-8716-6BC9-7430-F13B01014916}.Release|Any CPU.Build.0 = Release|Any CPU
		{DDCC115A-EA71-1381-C206-0CF446CDF25D}.Debug|Any CPU.ActiveCfg = Debug|Any CPU
		{DDCC115A-EA71-1381-C206-0CF446CDF25D}.Debug|Any CPU.Build.0 = Debug|Any CPU
		{DDCC115A-EA71-1381-C206-0CF446CDF25D}.Release|Any CPU.ActiveCfg = Release|Any CPU
		{DDCC115A-EA71-1381-C206-0CF446CDF25D}.Release|Any CPU.Build.0 = Release|Any CPU
		{997D6AF5-6A35-869D-4CAF-B150707C4BE0}.Debug|Any CPU.ActiveCfg = Debug|Any CPU
		{997D6AF5-6A35-869D-4CAF-B150707C4BE0}.Debug|Any CPU.Build.0 = Debug|Any CPU
		{997D6AF5-6A35-869D-4CAF-B150707C4BE0}.Release|Any CPU.ActiveCfg = Release|Any CPU
		{997D6AF5-6A35-869D-4CAF-B150707C4BE0}.Release|Any CPU.Build.0 = Release|Any CPU
		{BD9932E4-2880-7BE9-324F-79B513811CE6}.Debug|Any CPU.ActiveCfg = Debug|Any CPU
		{BD9932E4-2880-7BE9-324F-79B513811CE6}.Debug|Any CPU.Build.0 = Debug|Any CPU
		{BD9932E4-2880-7BE9-324F-79B513811CE6}.Release|Any CPU.ActiveCfg = Release|Any CPU
		{BD9932E4-2880-7BE9-324F-79B513811CE6}.Release|Any CPU.Build.0 = Release|Any CPU
		{FFCA320B-FAC3-6503-5DE0-2992158DA892}.Debug|Any CPU.ActiveCfg = Debug|Any CPU
		{FFCA320B-FAC3-6503-5DE0-2992158DA892}.Debug|Any CPU.Build.0 = Debug|Any CPU
		{FFCA320B-FAC3-6503-5DE0-2992158DA892}.Release|Any CPU.ActiveCfg = Release|Any CPU
		{FFCA320B-FAC3-6503-5DE0-2992158DA892}.Release|Any CPU.Build.0 = Release|Any CPU
		{6733303F-BB9A-6D63-8C62-6955B4F5226D}.Debug|Any CPU.ActiveCfg = Debug|Any CPU
		{6733303F-BB9A-6D63-8C62-6955B4F5226D}.Debug|Any CPU.Build.0 = Debug|Any CPU
		{6733303F-BB9A-6D63-8C62-6955B4F5226D}.Release|Any CPU.ActiveCfg = Release|Any CPU
		{6733303F-BB9A-6D63-8C62-6955B4F5226D}.Release|Any CPU.Build.0 = Release|Any CPU
		{4EC3717C-2302-A09A-94BA-D1D3FCE7B2B6}.Debug|Any CPU.ActiveCfg = Debug|Any CPU
		{4EC3717C-2302-A09A-94BA-D1D3FCE7B2B6}.Debug|Any CPU.Build.0 = Debug|Any CPU
		{4EC3717C-2302-A09A-94BA-D1D3FCE7B2B6}.Release|Any CPU.ActiveCfg = Release|Any CPU
		{4EC3717C-2302-A09A-94BA-D1D3FCE7B2B6}.Release|Any CPU.Build.0 = Release|Any CPU
		{BA4BA806-89CB-5AB0-6359-74FFB6D77850}.Debug|Any CPU.ActiveCfg = Debug|Any CPU
		{BA4BA806-89CB-5AB0-6359-74FFB6D77850}.Debug|Any CPU.Build.0 = Debug|Any CPU
		{BA4BA806-89CB-5AB0-6359-74FFB6D77850}.Release|Any CPU.ActiveCfg = Release|Any CPU
		{BA4BA806-89CB-5AB0-6359-74FFB6D77850}.Release|Any CPU.Build.0 = Release|Any CPU
		{BE2A99D9-D4AE-396C-94D3-FB942BA739CD}.Debug|Any CPU.ActiveCfg = Debug|Any CPU
		{BE2A99D9-D4AE-396C-94D3-FB942BA739CD}.Debug|Any CPU.Build.0 = Debug|Any CPU
		{BE2A99D9-D4AE-396C-94D3-FB942BA739CD}.Release|Any CPU.ActiveCfg = Release|Any CPU
		{BE2A99D9-D4AE-396C-94D3-FB942BA739CD}.Release|Any CPU.Build.0 = Release|Any CPU
		{F1BEA871-A9AD-2E7D-C75F-2866E5E1CBA7}.Debug|Any CPU.ActiveCfg = Debug|Any CPU
		{F1BEA871-A9AD-2E7D-C75F-2866E5E1CBA7}.Debug|Any CPU.Build.0 = Debug|Any CPU
		{F1BEA871-A9AD-2E7D-C75F-2866E5E1CBA7}.Release|Any CPU.ActiveCfg = Release|Any CPU
		{F1BEA871-A9AD-2E7D-C75F-2866E5E1CBA7}.Release|Any CPU.Build.0 = Release|Any CPU
		{709E1D4D-F787-51DE-E31A-D3E3CD53C434}.Debug|Any CPU.ActiveCfg = Debug|Any CPU
		{709E1D4D-F787-51DE-E31A-D3E3CD53C434}.Debug|Any CPU.Build.0 = Debug|Any CPU
		{709E1D4D-F787-51DE-E31A-D3E3CD53C434}.Release|Any CPU.ActiveCfg = Release|Any CPU
		{709E1D4D-F787-51DE-E31A-D3E3CD53C434}.Release|Any CPU.Build.0 = Release|Any CPU
		{EDFB0469-7B0E-ED72-03C1-BBE5A8AE2061}.Debug|Any CPU.ActiveCfg = Debug|Any CPU
		{EDFB0469-7B0E-ED72-03C1-BBE5A8AE2061}.Debug|Any CPU.Build.0 = Debug|Any CPU
		{EDFB0469-7B0E-ED72-03C1-BBE5A8AE2061}.Release|Any CPU.ActiveCfg = Release|Any CPU
		{EDFB0469-7B0E-ED72-03C1-BBE5A8AE2061}.Release|Any CPU.Build.0 = Release|Any CPU
		{D39F777F-6F9C-EA74-2D53-D8730947055C}.Debug|Any CPU.ActiveCfg = Debug|Any CPU
		{D39F777F-6F9C-EA74-2D53-D8730947055C}.Debug|Any CPU.Build.0 = Debug|Any CPU
		{D39F777F-6F9C-EA74-2D53-D8730947055C}.Release|Any CPU.ActiveCfg = Release|Any CPU
		{D39F777F-6F9C-EA74-2D53-D8730947055C}.Release|Any CPU.Build.0 = Release|Any CPU
		{489CB52E-B568-4CE5-CC3B-19338A6BE10D}.Debug|Any CPU.ActiveCfg = Debug|Any CPU
		{489CB52E-B568-4CE5-CC3B-19338A6BE10D}.Debug|Any CPU.Build.0 = Debug|Any CPU
		{489CB52E-B568-4CE5-CC3B-19338A6BE10D}.Release|Any CPU.ActiveCfg = Release|Any CPU
		{489CB52E-B568-4CE5-CC3B-19338A6BE10D}.Release|Any CPU.Build.0 = Release|Any CPU
		{D88F8D0A-37E9-51BA-AD1C-C69A5985DD5D}.Debug|Any CPU.ActiveCfg = Debug|Any CPU
		{D88F8D0A-37E9-51BA-AD1C-C69A5985DD5D}.Debug|Any CPU.Build.0 = Debug|Any CPU
		{D88F8D0A-37E9-51BA-AD1C-C69A5985DD5D}.Release|Any CPU.ActiveCfg = Release|Any CPU
		{D88F8D0A-37E9-51BA-AD1C-C69A5985DD5D}.Release|Any CPU.Build.0 = Release|Any CPU
		{ED433FA9-5BD8-5317-53F8-C21571FD16AB}.Debug|Any CPU.ActiveCfg = Debug|Any CPU
		{ED433FA9-5BD8-5317-53F8-C21571FD16AB}.Debug|Any CPU.Build.0 = Debug|Any CPU
		{ED433FA9-5BD8-5317-53F8-C21571FD16AB}.Release|Any CPU.ActiveCfg = Release|Any CPU
		{ED433FA9-5BD8-5317-53F8-C21571FD16AB}.Release|Any CPU.Build.0 = Release|Any CPU
		{F859587E-2A81-A22B-DA48-657AA3D10924}.Debug|Any CPU.ActiveCfg = Debug|Any CPU
		{F859587E-2A81-A22B-DA48-657AA3D10924}.Debug|Any CPU.Build.0 = Debug|Any CPU
		{F859587E-2A81-A22B-DA48-657AA3D10924}.Release|Any CPU.ActiveCfg = Release|Any CPU
		{F859587E-2A81-A22B-DA48-657AA3D10924}.Release|Any CPU.Build.0 = Release|Any CPU
		{5C9E8835-1A88-E957-7912-9EEDC661EF80}.Debug|Any CPU.ActiveCfg = Debug|Any CPU
		{5C9E8835-1A88-E957-7912-9EEDC661EF80}.Debug|Any CPU.Build.0 = Debug|Any CPU
		{5C9E8835-1A88-E957-7912-9EEDC661EF80}.Release|Any CPU.ActiveCfg = Release|Any CPU
		{5C9E8835-1A88-E957-7912-9EEDC661EF80}.Release|Any CPU.Build.0 = Release|Any CPU
		{62EA2742-F18E-CF82-96DB-0F9A13833BB1}.Debug|Any CPU.ActiveCfg = Debug|Any CPU
		{62EA2742-F18E-CF82-96DB-0F9A13833BB1}.Debug|Any CPU.Build.0 = Debug|Any CPU
		{62EA2742-F18E-CF82-96DB-0F9A13833BB1}.Release|Any CPU.ActiveCfg = Release|Any CPU
		{62EA2742-F18E-CF82-96DB-0F9A13833BB1}.Release|Any CPU.Build.0 = Release|Any CPU
		{F6D8CD33-4D2D-A5DC-9954-200D7A277337}.Debug|Any CPU.ActiveCfg = Debug|Any CPU
		{F6D8CD33-4D2D-A5DC-9954-200D7A277337}.Debug|Any CPU.Build.0 = Debug|Any CPU
		{F6D8CD33-4D2D-A5DC-9954-200D7A277337}.Release|Any CPU.ActiveCfg = Release|Any CPU
		{F6D8CD33-4D2D-A5DC-9954-200D7A277337}.Release|Any CPU.Build.0 = Release|Any CPU
		{F81CD458-829A-EA60-A923-833B666D52F6}.Debug|Any CPU.ActiveCfg = Debug|Any CPU
		{F81CD458-829A-EA60-A923-833B666D52F6}.Debug|Any CPU.Build.0 = Debug|Any CPU
		{F81CD458-829A-EA60-A923-833B666D52F6}.Release|Any CPU.ActiveCfg = Release|Any CPU
		{F81CD458-829A-EA60-A923-833B666D52F6}.Release|Any CPU.Build.0 = Release|Any CPU
		{E84C3548-A4DA-E2A4-00CC-7AA24437026E}.Debug|Any CPU.ActiveCfg = Debug|Any CPU
		{E84C3548-A4DA-E2A4-00CC-7AA24437026E}.Debug|Any CPU.Build.0 = Debug|Any CPU
		{E84C3548-A4DA-E2A4-00CC-7AA24437026E}.Release|Any CPU.ActiveCfg = Release|Any CPU
		{E84C3548-A4DA-E2A4-00CC-7AA24437026E}.Release|Any CPU.Build.0 = Release|Any CPU
		{13A51514-7C59-3711-4CA6-E647F750B2FB}.Debug|Any CPU.ActiveCfg = Debug|Any CPU
		{13A51514-7C59-3711-4CA6-E647F750B2FB}.Debug|Any CPU.Build.0 = Debug|Any CPU
		{13A51514-7C59-3711-4CA6-E647F750B2FB}.Release|Any CPU.ActiveCfg = Release|Any CPU
		{13A51514-7C59-3711-4CA6-E647F750B2FB}.Release|Any CPU.Build.0 = Release|Any CPU
		{737F4116-76D7-6278-5E0C-04766AFA3159}.Debug|Any CPU.ActiveCfg = Debug|Any CPU
		{737F4116-76D7-6278-5E0C-04766AFA3159}.Debug|Any CPU.Build.0 = Debug|Any CPU
		{737F4116-76D7-6278-5E0C-04766AFA3159}.Release|Any CPU.ActiveCfg = Release|Any CPU
		{737F4116-76D7-6278-5E0C-04766AFA3159}.Release|Any CPU.Build.0 = Release|Any CPU
		{C0199F6C-96DE-F6F0-D4C9-C6E5CBEDDA53}.Debug|Any CPU.ActiveCfg = Debug|Any CPU
		{C0199F6C-96DE-F6F0-D4C9-C6E5CBEDDA53}.Debug|Any CPU.Build.0 = Debug|Any CPU
		{C0199F6C-96DE-F6F0-D4C9-C6E5CBEDDA53}.Release|Any CPU.ActiveCfg = Release|Any CPU
		{C0199F6C-96DE-F6F0-D4C9-C6E5CBEDDA53}.Release|Any CPU.Build.0 = Release|Any CPU
		{EDD1A230-C73B-76B2-A7C1-E5FCD2B36339}.Debug|Any CPU.ActiveCfg = Debug|Any CPU
		{EDD1A230-C73B-76B2-A7C1-E5FCD2B36339}.Debug|Any CPU.Build.0 = Debug|Any CPU
		{EDD1A230-C73B-76B2-A7C1-E5FCD2B36339}.Release|Any CPU.ActiveCfg = Release|Any CPU
		{EDD1A230-C73B-76B2-A7C1-E5FCD2B36339}.Release|Any CPU.Build.0 = Release|Any CPU
		{A1A046E0-A26B-042F-5389-DA3C77326815}.Debug|Any CPU.ActiveCfg = Debug|Any CPU
		{A1A046E0-A26B-042F-5389-DA3C77326815}.Debug|Any CPU.Build.0 = Debug|Any CPU
		{A1A046E0-A26B-042F-5389-DA3C77326815}.Release|Any CPU.ActiveCfg = Release|Any CPU
		{A1A046E0-A26B-042F-5389-DA3C77326815}.Release|Any CPU.Build.0 = Release|Any CPU
		{D9D0ACCF-DC2B-51D5-2095-3A5CE760842A}.Debug|Any CPU.ActiveCfg = Debug|Any CPU
		{D9D0ACCF-DC2B-51D5-2095-3A5CE760842A}.Debug|Any CPU.Build.0 = Debug|Any CPU
		{D9D0ACCF-DC2B-51D5-2095-3A5CE760842A}.Release|Any CPU.ActiveCfg = Release|Any CPU
		{D9D0ACCF-DC2B-51D5-2095-3A5CE760842A}.Release|Any CPU.Build.0 = Release|Any CPU
		{32D12117-D054-A19F-9ED7-98BE4424A921}.Debug|Any CPU.ActiveCfg = Debug|Any CPU
		{32D12117-D054-A19F-9ED7-98BE4424A921}.Debug|Any CPU.Build.0 = Debug|Any CPU
		{32D12117-D054-A19F-9ED7-98BE4424A921}.Release|Any CPU.ActiveCfg = Release|Any CPU
		{32D12117-D054-A19F-9ED7-98BE4424A921}.Release|Any CPU.Build.0 = Release|Any CPU
		{5B6BAB48-B30E-81F6-1046-77312F998761}.Debug|Any CPU.ActiveCfg = Debug|Any CPU
		{5B6BAB48-B30E-81F6-1046-77312F998761}.Debug|Any CPU.Build.0 = Debug|Any CPU
		{5B6BAB48-B30E-81F6-1046-77312F998761}.Release|Any CPU.ActiveCfg = Release|Any CPU
		{5B6BAB48-B30E-81F6-1046-77312F998761}.Release|Any CPU.Build.0 = Release|Any CPU
		{B8FB0CE1-92D8-4AEC-8038-27FA0807C64D}.Debug|Any CPU.ActiveCfg = Debug|Any CPU
		{B8FB0CE1-92D8-4AEC-8038-27FA0807C64D}.Debug|Any CPU.Build.0 = Debug|Any CPU
		{B8FB0CE1-92D8-4AEC-8038-27FA0807C64D}.Release|Any CPU.ActiveCfg = Release|Any CPU
		{B8FB0CE1-92D8-4AEC-8038-27FA0807C64D}.Release|Any CPU.Build.0 = Release|Any CPU
		{CE06014A-8250-C88E-BBEB-556FD9ACD53B}.Debug|Any CPU.ActiveCfg = Debug|Any CPU
		{CE06014A-8250-C88E-BBEB-556FD9ACD53B}.Debug|Any CPU.Build.0 = Debug|Any CPU
		{CE06014A-8250-C88E-BBEB-556FD9ACD53B}.Release|Any CPU.ActiveCfg = Release|Any CPU
		{CE06014A-8250-C88E-BBEB-556FD9ACD53B}.Release|Any CPU.Build.0 = Release|Any CPU
		{EECD9EFD-27D7-3CAE-CC74-2D909B9B0E8F}.Debug|Any CPU.ActiveCfg = Debug|Any CPU
		{EECD9EFD-27D7-3CAE-CC74-2D909B9B0E8F}.Debug|Any CPU.Build.0 = Debug|Any CPU
		{EECD9EFD-27D7-3CAE-CC74-2D909B9B0E8F}.Release|Any CPU.ActiveCfg = Release|Any CPU
		{EECD9EFD-27D7-3CAE-CC74-2D909B9B0E8F}.Release|Any CPU.Build.0 = Release|Any CPU
		{873E8E09-6A9E-455D-3DA0-3545A06BB0BA}.Debug|Any CPU.ActiveCfg = Debug|Any CPU
		{873E8E09-6A9E-455D-3DA0-3545A06BB0BA}.Debug|Any CPU.Build.0 = Debug|Any CPU
		{873E8E09-6A9E-455D-3DA0-3545A06BB0BA}.Release|Any CPU.ActiveCfg = Release|Any CPU
		{873E8E09-6A9E-455D-3DA0-3545A06BB0BA}.Release|Any CPU.Build.0 = Release|Any CPU
		{E139AA6E-F247-2DBC-BB67-EBE5EB804D03}.Debug|Any CPU.ActiveCfg = Debug|Any CPU
		{E139AA6E-F247-2DBC-BB67-EBE5EB804D03}.Debug|Any CPU.Build.0 = Debug|Any CPU
		{E139AA6E-F247-2DBC-BB67-EBE5EB804D03}.Release|Any CPU.ActiveCfg = Release|Any CPU
		{E139AA6E-F247-2DBC-BB67-EBE5EB804D03}.Release|Any CPU.Build.0 = Release|Any CPU
		{7B95DF55-DDA1-6F02-A6D5-07617DB10C11}.Debug|Any CPU.ActiveCfg = Debug|Any CPU
		{7B95DF55-DDA1-6F02-A6D5-07617DB10C11}.Debug|Any CPU.Build.0 = Debug|Any CPU
		{7B95DF55-DDA1-6F02-A6D5-07617DB10C11}.Release|Any CPU.ActiveCfg = Release|Any CPU
		{7B95DF55-DDA1-6F02-A6D5-07617DB10C11}.Release|Any CPU.Build.0 = Release|Any CPU
		{948D348F-9519-C30F-DF51-1ACB4BCA4970}.Debug|Any CPU.ActiveCfg = Debug|Any CPU
		{948D348F-9519-C30F-DF51-1ACB4BCA4970}.Debug|Any CPU.Build.0 = Debug|Any CPU
		{948D348F-9519-C30F-DF51-1ACB4BCA4970}.Release|Any CPU.ActiveCfg = Release|Any CPU
		{948D348F-9519-C30F-DF51-1ACB4BCA4970}.Release|Any CPU.Build.0 = Release|Any CPU
		{F7FBA965-A048-43AD-55DA-6D6027D6B599}.Debug|Any CPU.ActiveCfg = Debug|Any CPU
		{F7FBA965-A048-43AD-55DA-6D6027D6B599}.Debug|Any CPU.Build.0 = Debug|Any CPU
		{F7FBA965-A048-43AD-55DA-6D6027D6B599}.Release|Any CPU.ActiveCfg = Release|Any CPU
		{F7FBA965-A048-43AD-55DA-6D6027D6B599}.Release|Any CPU.Build.0 = Release|Any CPU
		{07A8C45E-F494-568D-9304-D38BFC1EE3A8}.Debug|Any CPU.ActiveCfg = Debug|Any CPU
		{07A8C45E-F494-568D-9304-D38BFC1EE3A8}.Debug|Any CPU.Build.0 = Debug|Any CPU
		{07A8C45E-F494-568D-9304-D38BFC1EE3A8}.Release|Any CPU.ActiveCfg = Release|Any CPU
		{07A8C45E-F494-568D-9304-D38BFC1EE3A8}.Release|Any CPU.Build.0 = Release|Any CPU
		{A0138130-03E9-9D29-A1B2-CD453D66045F}.Debug|Any CPU.ActiveCfg = Debug|Any CPU
		{A0138130-03E9-9D29-A1B2-CD453D66045F}.Debug|Any CPU.Build.0 = Debug|Any CPU
		{A0138130-03E9-9D29-A1B2-CD453D66045F}.Release|Any CPU.ActiveCfg = Release|Any CPU
		{A0138130-03E9-9D29-A1B2-CD453D66045F}.Release|Any CPU.Build.0 = Release|Any CPU
		{8F430B07-A69C-F3A5-A0F3-13F27D9196A9}.Debug|Any CPU.ActiveCfg = Debug|Any CPU
		{8F430B07-A69C-F3A5-A0F3-13F27D9196A9}.Debug|Any CPU.Build.0 = Debug|Any CPU
		{8F430B07-A69C-F3A5-A0F3-13F27D9196A9}.Release|Any CPU.ActiveCfg = Release|Any CPU
		{8F430B07-A69C-F3A5-A0F3-13F27D9196A9}.Release|Any CPU.Build.0 = Release|Any CPU
		{7F51B7D7-E975-A4C5-5CBD-F0C7BCD63A74}.Debug|Any CPU.ActiveCfg = Debug|Any CPU
		{7F51B7D7-E975-A4C5-5CBD-F0C7BCD63A74}.Debug|Any CPU.Build.0 = Debug|Any CPU
		{7F51B7D7-E975-A4C5-5CBD-F0C7BCD63A74}.Release|Any CPU.ActiveCfg = Release|Any CPU
		{7F51B7D7-E975-A4C5-5CBD-F0C7BCD63A74}.Release|Any CPU.Build.0 = Release|Any CPU
		{3190AD14-1A86-58CF-462F-C6B1B8BA9D18}.Debug|Any CPU.ActiveCfg = Debug|Any CPU
		{3190AD14-1A86-58CF-462F-C6B1B8BA9D18}.Debug|Any CPU.Build.0 = Debug|Any CPU
		{3190AD14-1A86-58CF-462F-C6B1B8BA9D18}.Release|Any CPU.ActiveCfg = Release|Any CPU
		{3190AD14-1A86-58CF-462F-C6B1B8BA9D18}.Release|Any CPU.Build.0 = Release|Any CPU
		{0D207FED-B20B-5531-5984-94B7986064A4}.Debug|Any CPU.ActiveCfg = Debug|Any CPU
		{0D207FED-B20B-5531-5984-94B7986064A4}.Debug|Any CPU.Build.0 = Debug|Any CPU
		{0D207FED-B20B-5531-5984-94B7986064A4}.Release|Any CPU.ActiveCfg = Release|Any CPU
		{0D207FED-B20B-5531-5984-94B7986064A4}.Release|Any CPU.Build.0 = Release|Any CPU
		{F34585FF-B6CA-A02C-AEC5-81AD0FCE6DF5}.Debug|Any CPU.ActiveCfg = Debug|Any CPU
		{F34585FF-B6CA-A02C-AEC5-81AD0FCE6DF5}.Debug|Any CPU.Build.0 = Debug|Any CPU
		{F34585FF-B6CA-A02C-AEC5-81AD0FCE6DF5}.Release|Any CPU.ActiveCfg = Release|Any CPU
		{F34585FF-B6CA-A02C-AEC5-81AD0FCE6DF5}.Release|Any CPU.Build.0 = Release|Any CPU
		{14D334F2-39F2-BD3B-3374-7BD1DF392952}.Debug|Any CPU.ActiveCfg = Debug|Any CPU
		{14D334F2-39F2-BD3B-3374-7BD1DF392952}.Debug|Any CPU.Build.0 = Debug|Any CPU
		{14D334F2-39F2-BD3B-3374-7BD1DF392952}.Release|Any CPU.ActiveCfg = Release|Any CPU
		{14D334F2-39F2-BD3B-3374-7BD1DF392952}.Release|Any CPU.Build.0 = Release|Any CPU
		{9088384E-9C7A-2440-46C3-9FFA9581F5E5}.Debug|Any CPU.ActiveCfg = Debug|Any CPU
		{9088384E-9C7A-2440-46C3-9FFA9581F5E5}.Debug|Any CPU.Build.0 = Debug|Any CPU
		{9088384E-9C7A-2440-46C3-9FFA9581F5E5}.Release|Any CPU.ActiveCfg = Release|Any CPU
		{9088384E-9C7A-2440-46C3-9FFA9581F5E5}.Release|Any CPU.Build.0 = Release|Any CPU
		{49799677-29FD-CB9A-08A9-41B320392216}.Debug|Any CPU.ActiveCfg = Debug|Any CPU
		{49799677-29FD-CB9A-08A9-41B320392216}.Debug|Any CPU.Build.0 = Debug|Any CPU
		{49799677-29FD-CB9A-08A9-41B320392216}.Release|Any CPU.ActiveCfg = Release|Any CPU
		{49799677-29FD-CB9A-08A9-41B320392216}.Release|Any CPU.Build.0 = Release|Any CPU
		{B58EF906-723B-6091-B73A-F63B33057273}.Debug|Any CPU.ActiveCfg = Debug|Any CPU
		{B58EF906-723B-6091-B73A-F63B33057273}.Debug|Any CPU.Build.0 = Debug|Any CPU
		{B58EF906-723B-6091-B73A-F63B33057273}.Release|Any CPU.ActiveCfg = Release|Any CPU
		{B58EF906-723B-6091-B73A-F63B33057273}.Release|Any CPU.Build.0 = Release|Any CPU
		{90F14324-7F6C-C2B6-6375-79F2131FEEEE}.Debug|Any CPU.ActiveCfg = Debug|Any CPU
		{90F14324-7F6C-C2B6-6375-79F2131FEEEE}.Debug|Any CPU.Build.0 = Debug|Any CPU
		{90F14324-7F6C-C2B6-6375-79F2131FEEEE}.Release|Any CPU.ActiveCfg = Release|Any CPU
		{90F14324-7F6C-C2B6-6375-79F2131FEEEE}.Release|Any CPU.Build.0 = Release|Any CPU
		{B761D70A-7FF7-3027-1A5C-F9D926A374F5}.Debug|Any CPU.ActiveCfg = Debug|Any CPU
		{B761D70A-7FF7-3027-1A5C-F9D926A374F5}.Debug|Any CPU.Build.0 = Debug|Any CPU
		{B761D70A-7FF7-3027-1A5C-F9D926A374F5}.Release|Any CPU.ActiveCfg = Release|Any CPU
		{B761D70A-7FF7-3027-1A5C-F9D926A374F5}.Release|Any CPU.Build.0 = Release|Any CPU
		{828460B5-C3E2-A3F0-AD1D-84C3B0FDAA31}.Debug|Any CPU.ActiveCfg = Debug|Any CPU
		{828460B5-C3E2-A3F0-AD1D-84C3B0FDAA31}.Debug|Any CPU.Build.0 = Debug|Any CPU
		{828460B5-C3E2-A3F0-AD1D-84C3B0FDAA31}.Release|Any CPU.ActiveCfg = Release|Any CPU
		{828460B5-C3E2-A3F0-AD1D-84C3B0FDAA31}.Release|Any CPU.Build.0 = Release|Any CPU
		{3E0F9E29-0CC0-173F-FF3B-F03CE998EF20}.Debug|Any CPU.ActiveCfg = Debug|Any CPU
		{3E0F9E29-0CC0-173F-FF3B-F03CE998EF20}.Debug|Any CPU.Build.0 = Debug|Any CPU
		{3E0F9E29-0CC0-173F-FF3B-F03CE998EF20}.Release|Any CPU.ActiveCfg = Release|Any CPU
		{3E0F9E29-0CC0-173F-FF3B-F03CE998EF20}.Release|Any CPU.Build.0 = Release|Any CPU
		{4B9C1F21-54C5-1C86-5292-FE8316B95F38}.Debug|Any CPU.ActiveCfg = Debug|Any CPU
		{4B9C1F21-54C5-1C86-5292-FE8316B95F38}.Debug|Any CPU.Build.0 = Debug|Any CPU
		{4B9C1F21-54C5-1C86-5292-FE8316B95F38}.Release|Any CPU.ActiveCfg = Release|Any CPU
		{4B9C1F21-54C5-1C86-5292-FE8316B95F38}.Release|Any CPU.Build.0 = Release|Any CPU
		{C5E78220-C9AA-90A0-1ACA-F60F560CD55B}.Debug|Any CPU.ActiveCfg = Debug|Any CPU
		{C5E78220-C9AA-90A0-1ACA-F60F560CD55B}.Debug|Any CPU.Build.0 = Debug|Any CPU
		{C5E78220-C9AA-90A0-1ACA-F60F560CD55B}.Release|Any CPU.ActiveCfg = Release|Any CPU
		{C5E78220-C9AA-90A0-1ACA-F60F560CD55B}.Release|Any CPU.Build.0 = Release|Any CPU
		{78352CDD-06C8-8031-534D-3096C70F2054}.Debug|Any CPU.ActiveCfg = Debug|Any CPU
		{78352CDD-06C8-8031-534D-3096C70F2054}.Debug|Any CPU.Build.0 = Debug|Any CPU
		{78352CDD-06C8-8031-534D-3096C70F2054}.Release|Any CPU.ActiveCfg = Release|Any CPU
		{78352CDD-06C8-8031-534D-3096C70F2054}.Release|Any CPU.Build.0 = Release|Any CPU
		{FDB91903-3DC9-7462-87F7-305926673AE6}.Debug|Any CPU.ActiveCfg = Debug|Any CPU
		{FDB91903-3DC9-7462-87F7-305926673AE6}.Debug|Any CPU.Build.0 = Debug|Any CPU
		{FDB91903-3DC9-7462-87F7-305926673AE6}.Release|Any CPU.ActiveCfg = Release|Any CPU
		{FDB91903-3DC9-7462-87F7-305926673AE6}.Release|Any CPU.Build.0 = Release|Any CPU
		{BF73D505-A355-A2A0-57DA-0B078E19F65F}.Debug|Any CPU.ActiveCfg = Debug|Any CPU
		{BF73D505-A355-A2A0-57DA-0B078E19F65F}.Debug|Any CPU.Build.0 = Debug|Any CPU
		{BF73D505-A355-A2A0-57DA-0B078E19F65F}.Release|Any CPU.ActiveCfg = Release|Any CPU
		{BF73D505-A355-A2A0-57DA-0B078E19F65F}.Release|Any CPU.Build.0 = Release|Any CPU
		{A2A78B6B-CA6E-E2EE-E955-74E7E5E8E40C}.Debug|Any CPU.ActiveCfg = Debug|Any CPU
		{A2A78B6B-CA6E-E2EE-E955-74E7E5E8E40C}.Debug|Any CPU.Build.0 = Debug|Any CPU
		{A2A78B6B-CA6E-E2EE-E955-74E7E5E8E40C}.Release|Any CPU.ActiveCfg = Release|Any CPU
		{A2A78B6B-CA6E-E2EE-E955-74E7E5E8E40C}.Release|Any CPU.Build.0 = Release|Any CPU
		{F5FD2E90-F3B1-BB37-539E-8C0A5B5B325F}.Debug|Any CPU.ActiveCfg = Debug|Any CPU
		{F5FD2E90-F3B1-BB37-539E-8C0A5B5B325F}.Debug|Any CPU.Build.0 = Debug|Any CPU
		{F5FD2E90-F3B1-BB37-539E-8C0A5B5B325F}.Release|Any CPU.ActiveCfg = Release|Any CPU
		{F5FD2E90-F3B1-BB37-539E-8C0A5B5B325F}.Release|Any CPU.Build.0 = Release|Any CPU
		{6D137243-F472-C16E-AB4D-5DBC09EA2917}.Debug|Any CPU.ActiveCfg = Debug|Any CPU
		{6D137243-F472-C16E-AB4D-5DBC09EA2917}.Debug|Any CPU.Build.0 = Debug|Any CPU
		{6D137243-F472-C16E-AB4D-5DBC09EA2917}.Release|Any CPU.ActiveCfg = Release|Any CPU
		{6D137243-F472-C16E-AB4D-5DBC09EA2917}.Release|Any CPU.Build.0 = Release|Any CPU
		{BC593202-04A3-1983-C15D-A9D24C720ADE}.Debug|Any CPU.ActiveCfg = Debug|Any CPU
		{BC593202-04A3-1983-C15D-A9D24C720ADE}.Debug|Any CPU.Build.0 = Debug|Any CPU
		{BC593202-04A3-1983-C15D-A9D24C720ADE}.Release|Any CPU.ActiveCfg = Release|Any CPU
		{BC593202-04A3-1983-C15D-A9D24C720ADE}.Release|Any CPU.Build.0 = Release|Any CPU
	EndGlobalSection
	GlobalSection(SolutionProperties) = preSolution
		HideSolutionNode = FALSE
	EndGlobalSection
EndGlobal
